{
  "version": 4,
  "terraform_version": "1.11.0",
  "serial": 652,
  "lineage": "19eb4ba9-e6af-0f9f-15ff-7be7c1c37ae5",
  "outputs": {},
  "resources": [
    {
      "module": "module.api-sfn",
      "mode": "managed",
      "type": "aws_apigatewayv2_api",
      "name": "orders_api",
      "provider": "provider[\"registry.terraform.io/hashicorp/aws\"]",
      "instances": [
        {
          "schema_version": 0,
          "attributes": {
            "api_endpoint": "https://ri5k9gxxbb.execute-api.us-east-1.amazonaws.com",
            "api_key_selection_expression": "$request.header.x-api-key",
            "arn": "arn:aws:apigateway:us-east-1::/apis/ri5k9gxxbb",
            "body": null,
            "cors_configuration": [],
            "credentials_arn": null,
            "description": "",
            "disable_execute_api_endpoint": false,
            "execution_arn": "arn:aws:execute-api:us-east-1:294417223953:ri5k9gxxbb",
            "fail_on_warnings": null,
            "id": "ri5k9gxxbb",
            "name": "orders-saga-api",
            "protocol_type": "HTTP",
            "route_key": null,
            "route_selection_expression": "$request.method $request.path",
            "tags": {
              "Environment": "dev",
              "Project": "order-system"
            },
            "tags_all": {
              "Environment": "dev",
              "Project": "order-system"
            },
            "target": null,
            "version": ""
          },
          "sensitive_attributes": [],
          "private": "bnVsbA=="
        }
      ]
    },
    {
      "module": "module.api-sfn",
      "mode": "managed",
      "type": "aws_apigatewayv2_integration",
      "name": "orders_integration",
      "provider": "provider[\"registry.terraform.io/hashicorp/aws\"]",
      "instances": [
        {
          "schema_version": 0,
          "attributes": {
            "api_id": "ri5k9gxxbb",
            "connection_id": "",
            "connection_type": "INTERNET",
            "content_handling_strategy": "",
            "credentials_arn": "arn:aws:iam::294417223953:role/apigateway-stepfunctions-role",
            "description": "",
            "id": "rg14s9o",
            "integration_method": "",
            "integration_response_selection_expression": "",
            "integration_subtype": "StepFunctions-StartExecution",
            "integration_type": "AWS_PROXY",
            "integration_uri": "",
            "passthrough_behavior": "",
            "payload_format_version": "1.0",
            "request_parameters": {
              "Input": "$request.body",
              "StateMachineArn": "arn:aws:states:us-east-1:294417223953:stateMachine:OrderSagaStateMachine"
            },
            "request_templates": null,
            "response_parameters": [],
            "template_selection_expression": "",
            "timeout_milliseconds": 30000,
            "tls_config": []
          },
          "sensitive_attributes": [],
          "private": "bnVsbA==",
          "dependencies": [
            "module.api-sfn.aws_apigatewayv2_api.orders_api",
            "module.api-sfn.aws_iam_role.apigw_sfn_role",
            "module.ecs_inventory_service.aws_lb.inventory_lb",
            "module.ecs_inventory_service.aws_security_group.lb_sg",
            "module.ecs_order_service.aws_lb.order_lb",
            "module.ecs_order_service.aws_security_group.lb_sg",
            "module.iam.aws_iam_role.lambda_exec_role",
            "module.iam.aws_iam_role.sfn_role",
            "module.lambda.aws_lambda_function.email_service",
            "module.lambda.aws_lambda_function.inventory_service",
            "module.lambda.aws_lambda_function.order_callback",
            "module.lambda.aws_lambda_function.order_service",
            "module.lambda.aws_sfn_state_machine.order_saga",
            "module.network.aws_subnet.private",
            "module.network.aws_vpc.this",
            "module.network.data.aws_availability_zones.available"
          ]
        }
      ]
    },
    {
      "module": "module.api-sfn",
      "mode": "managed",
      "type": "aws_apigatewayv2_route",
      "name": "start_route",
      "provider": "provider[\"registry.terraform.io/hashicorp/aws\"]",
      "instances": [
        {
          "schema_version": 0,
          "attributes": {
            "api_id": "ri5k9gxxbb",
            "api_key_required": false,
            "authorization_scopes": null,
            "authorization_type": "NONE",
            "authorizer_id": "",
            "id": "patxopn",
            "model_selection_expression": "",
            "operation_name": "",
            "request_models": null,
            "request_parameter": [],
            "route_key": "POST /order",
            "route_response_selection_expression": "",
            "target": "integrations/rg14s9o"
          },
          "sensitive_attributes": [],
          "private": "bnVsbA==",
          "dependencies": [
            "module.api-sfn.aws_apigatewayv2_api.orders_api",
            "module.api-sfn.aws_apigatewayv2_integration.orders_integration",
            "module.api-sfn.aws_iam_role.apigw_sfn_role",
            "module.ecs_inventory_service.aws_lb.inventory_lb",
            "module.ecs_inventory_service.aws_security_group.lb_sg",
            "module.ecs_order_service.aws_lb.order_lb",
            "module.ecs_order_service.aws_security_group.lb_sg",
            "module.iam.aws_iam_role.lambda_exec_role",
            "module.iam.aws_iam_role.sfn_role",
            "module.lambda.aws_lambda_function.email_service",
            "module.lambda.aws_lambda_function.inventory_service",
            "module.lambda.aws_lambda_function.order_callback",
            "module.lambda.aws_lambda_function.order_service",
            "module.lambda.aws_sfn_state_machine.order_saga",
            "module.network.aws_subnet.private",
            "module.network.aws_vpc.this",
            "module.network.data.aws_availability_zones.available"
          ]
        }
      ]
    },
    {
      "module": "module.api-sfn",
      "mode": "managed",
      "type": "aws_apigatewayv2_stage",
      "name": "default",
      "provider": "provider[\"registry.terraform.io/hashicorp/aws\"]",
      "instances": [
        {
          "schema_version": 0,
          "attributes": {
            "access_log_settings": [],
            "api_id": "ri5k9gxxbb",
            "arn": "arn:aws:apigateway:us-east-1::/apis/ri5k9gxxbb/stages/$default",
            "auto_deploy": true,
            "client_certificate_id": "",
            "default_route_settings": [
              {
                "data_trace_enabled": false,
                "detailed_metrics_enabled": false,
                "logging_level": "",
                "throttling_burst_limit": 0,
                "throttling_rate_limit": 0
              }
            ],
            "deployment_id": "",
            "description": "",
            "execution_arn": "arn:aws:execute-api:us-east-1:294417223953:ri5k9gxxbb/$default",
            "id": "$default",
            "invoke_url": "https://ri5k9gxxbb.execute-api.us-east-1.amazonaws.com/",
            "name": "$default",
            "route_settings": [],
            "stage_variables": null,
            "tags": null,
            "tags_all": {}
          },
          "sensitive_attributes": [],
          "private": "bnVsbA==",
          "dependencies": [
            "module.api-sfn.aws_apigatewayv2_api.orders_api"
          ]
        }
      ]
    },
    {
      "module": "module.api-sfn",
      "mode": "managed",
      "type": "aws_iam_role",
      "name": "apigw_sfn_role",
      "provider": "provider[\"registry.terraform.io/hashicorp/aws\"]",
      "instances": [
        {
          "schema_version": 0,
          "attributes": {
            "arn": "arn:aws:iam::294417223953:role/apigateway-stepfunctions-role",
            "assume_role_policy": "{\"Statement\":[{\"Action\":\"sts:AssumeRole\",\"Effect\":\"Allow\",\"Principal\":{\"Service\":\"apigateway.amazonaws.com\"}}],\"Version\":\"2012-10-17\"}",
            "create_date": "2025-04-30T20:44:59Z",
            "description": "",
            "force_detach_policies": false,
            "id": "apigateway-stepfunctions-role",
            "inline_policy": [],
            "managed_policy_arns": [],
            "max_session_duration": 3600,
            "name": "apigateway-stepfunctions-role",
            "name_prefix": "",
            "path": "/",
            "permissions_boundary": "",
            "tags": {
              "Environment": "dev",
              "Project": "order-system"
            },
            "tags_all": {
              "Environment": "dev",
              "Project": "order-system"
            },
            "unique_id": "AROAUJDFCKEI2UUXXUK23"
          },
          "sensitive_attributes": [],
          "private": "bnVsbA=="
        }
      ]
    },
    {
      "module": "module.api-sfn",
      "mode": "managed",
      "type": "aws_iam_role_policy",
      "name": "apigw_sfn_policy",
      "provider": "provider[\"registry.terraform.io/hashicorp/aws\"]",
      "instances": [
        {
          "schema_version": 0,
          "attributes": {
            "id": "apigateway-stepfunctions-role:apigateway-start-execution",
            "name": "apigateway-start-execution",
            "name_prefix": "",
            "policy": "{\"Version\":\"2012-10-17\",\"Statement\":[{\"Action\":[\"states:StartExecution\"],\"Effect\":\"Allow\",\"Resource\":[\"arn:aws:states:us-east-1:294417223953:stateMachine:OrderSagaStateMachine\"]}]}",
            "role": "apigateway-stepfunctions-role"
          },
          "sensitive_attributes": [],
          "private": "bnVsbA==",
          "dependencies": [
            "module.api-sfn.aws_iam_role.apigw_sfn_role",
            "module.ecs_inventory_service.aws_lb.inventory_lb",
            "module.ecs_inventory_service.aws_security_group.lb_sg",
            "module.ecs_order_service.aws_lb.order_lb",
            "module.ecs_order_service.aws_security_group.lb_sg",
            "module.iam.aws_iam_role.lambda_exec_role",
            "module.iam.aws_iam_role.sfn_role",
            "module.lambda.aws_lambda_function.email_service",
            "module.lambda.aws_lambda_function.inventory_service",
            "module.lambda.aws_lambda_function.order_callback",
            "module.lambda.aws_lambda_function.order_service",
            "module.lambda.aws_sfn_state_machine.order_saga",
            "module.network.aws_subnet.private",
            "module.network.aws_vpc.this",
            "module.network.data.aws_availability_zones.available"
          ]
        }
      ]
    },
    {
      "module": "module.ecr_repo.module.ecr_repo",
      "mode": "data",
      "type": "aws_caller_identity",
      "name": "current",
      "provider": "provider[\"registry.terraform.io/hashicorp/aws\"]",
      "instances": [
        {
          "schema_version": 0,
          "attributes": {
            "account_id": "294417223953",
            "arn": "arn:aws:iam::294417223953:user/mjones",
            "id": "294417223953",
            "user_id": "AIDAUJDFCKEIZ74CSAAWC"
          },
          "sensitive_attributes": []
        }
      ]
    },
    {
      "module": "module.ecr_repo.module.ecr_repo",
      "mode": "data",
      "type": "aws_iam_policy_document",
      "name": "repository",
      "provider": "provider[\"registry.terraform.io/hashicorp/aws\"]",
      "instances": [
        {
          "index_key": 0,
          "schema_version": 0,
          "attributes": {
            "id": "3961490202",
            "json": "{\n  \"Version\": \"2012-10-17\",\n  \"Statement\": [\n    {\n      \"Sid\": \"PrivateReadOnly\",\n      \"Effect\": \"Allow\",\n      \"Action\": [\n        \"ecr:ListTagsForResource\",\n        \"ecr:ListImages\",\n        \"ecr:GetRepositoryPolicy\",\n        \"ecr:GetLifecyclePolicyPreview\",\n        \"ecr:GetLifecyclePolicy\",\n        \"ecr:GetDownloadUrlForLayer\",\n        \"ecr:GetAuthorizationToken\",\n        \"ecr:DescribeRepositories\",\n        \"ecr:DescribeImages\",\n        \"ecr:DescribeImageScanFindings\",\n        \"ecr:BatchGetImage\",\n        \"ecr:BatchCheckLayerAvailability\"\n      ],\n      \"Principal\": {\n        \"AWS\": \"arn:aws:iam::294417223953:role/ecsTaskExecution\"\n      }\n    },\n    {\n      \"Sid\": \"ReadWrite\",\n      \"Effect\": \"Allow\",\n      \"Action\": [\n        \"ecr:UploadLayerPart\",\n        \"ecr:PutImage\",\n        \"ecr:InitiateLayerUpload\",\n        \"ecr:CompleteLayerUpload\"\n      ],\n      \"Principal\": {\n        \"AWS\": \"arn:aws:iam::294417223953:role/ecsTaskExecution\"\n      }\n    }\n  ]\n}",
            "minified_json": "{\"Version\":\"2012-10-17\",\"Statement\":[{\"Sid\":\"PrivateReadOnly\",\"Effect\":\"Allow\",\"Action\":[\"ecr:ListTagsForResource\",\"ecr:ListImages\",\"ecr:GetRepositoryPolicy\",\"ecr:GetLifecyclePolicyPreview\",\"ecr:GetLifecyclePolicy\",\"ecr:GetDownloadUrlForLayer\",\"ecr:GetAuthorizationToken\",\"ecr:DescribeRepositories\",\"ecr:DescribeImages\",\"ecr:DescribeImageScanFindings\",\"ecr:BatchGetImage\",\"ecr:BatchCheckLayerAvailability\"],\"Principal\":{\"AWS\":\"arn:aws:iam::294417223953:role/ecsTaskExecution\"}},{\"Sid\":\"ReadWrite\",\"Effect\":\"Allow\",\"Action\":[\"ecr:UploadLayerPart\",\"ecr:PutImage\",\"ecr:InitiateLayerUpload\",\"ecr:CompleteLayerUpload\"],\"Principal\":{\"AWS\":\"arn:aws:iam::294417223953:role/ecsTaskExecution\"}}]}",
            "override_json": null,
            "override_policy_documents": null,
            "policy_id": null,
            "source_json": null,
            "source_policy_documents": null,
            "statement": [
              {
                "actions": [
                  "ecr:BatchCheckLayerAvailability",
                  "ecr:BatchGetImage",
                  "ecr:DescribeImageScanFindings",
                  "ecr:DescribeImages",
                  "ecr:DescribeRepositories",
                  "ecr:GetAuthorizationToken",
                  "ecr:GetDownloadUrlForLayer",
                  "ecr:GetLifecyclePolicy",
                  "ecr:GetLifecyclePolicyPreview",
                  "ecr:GetRepositoryPolicy",
                  "ecr:ListImages",
                  "ecr:ListTagsForResource"
                ],
                "condition": [],
                "effect": "Allow",
                "not_actions": [],
                "not_principals": [],
                "not_resources": [],
                "principals": [
                  {
                    "identifiers": [
                      "arn:aws:iam::294417223953:role/ecsTaskExecution"
                    ],
                    "type": "AWS"
                  }
                ],
                "resources": [],
                "sid": "PrivateReadOnly"
              },
              {
                "actions": [
                  "ecr:CompleteLayerUpload",
                  "ecr:InitiateLayerUpload",
                  "ecr:PutImage",
                  "ecr:UploadLayerPart"
                ],
                "condition": [],
                "effect": "Allow",
                "not_actions": [],
                "not_principals": [],
                "not_resources": [],
                "principals": [
                  {
                    "identifiers": [
                      "arn:aws:iam::294417223953:role/ecsTaskExecution"
                    ],
                    "type": "AWS"
                  }
                ],
                "resources": [],
                "sid": "ReadWrite"
              }
            ],
            "version": "2012-10-17"
          },
          "sensitive_attributes": []
        }
      ]
    },
    {
      "module": "module.ecr_repo.module.ecr_repo",
      "mode": "data",
      "type": "aws_partition",
      "name": "current",
      "provider": "provider[\"registry.terraform.io/hashicorp/aws\"]",
      "instances": [
        {
          "schema_version": 0,
          "attributes": {
            "dns_suffix": "amazonaws.com",
            "id": "aws",
            "partition": "aws",
            "reverse_dns_prefix": "com.amazonaws"
          },
          "sensitive_attributes": []
        }
      ]
    },
    {
      "module": "module.ecr_repo.module.ecr_repo",
      "mode": "managed",
      "type": "aws_ecr_lifecycle_policy",
      "name": "this",
      "provider": "provider[\"registry.terraform.io/hashicorp/aws\"]",
      "instances": [
        {
          "index_key": 0,
          "schema_version": 0,
          "attributes": {
            "id": "order-system-repo",
            "policy": "{\"rules\":[{\"action\":{\"type\":\"expire\"},\"description\":\"Keep last 30 images\",\"rulePriority\":1,\"selection\":{\"countNumber\":30,\"countType\":\"imageCountMoreThan\",\"tagPrefixList\":[\"v\"],\"tagStatus\":\"tagged\"}}]}",
            "registry_id": "294417223953",
            "repository": "order-system-repo"
          },
          "sensitive_attributes": [],
          "private": "bnVsbA==",
          "dependencies": [
            "module.ecr_repo.module.ecr_repo.aws_ecr_repository.this"
          ]
        }
      ]
    },
    {
      "module": "module.ecr_repo.module.ecr_repo",
      "mode": "managed",
      "type": "aws_ecr_pull_through_cache_rule",
      "name": "this",
      "provider": "provider[\"registry.terraform.io/hashicorp/aws\"]",
      "instances": []
    },
    {
      "module": "module.ecr_repo.module.ecr_repo",
      "mode": "managed",
      "type": "aws_ecr_registry_policy",
      "name": "this",
      "provider": "provider[\"registry.terraform.io/hashicorp/aws\"]",
      "instances": []
    },
    {
      "module": "module.ecr_repo.module.ecr_repo",
      "mode": "managed",
      "type": "aws_ecr_registry_scanning_configuration",
      "name": "this",
      "provider": "provider[\"registry.terraform.io/hashicorp/aws\"]",
      "instances": []
    },
    {
      "module": "module.ecr_repo.module.ecr_repo",
      "mode": "managed",
      "type": "aws_ecr_replication_configuration",
      "name": "this",
      "provider": "provider[\"registry.terraform.io/hashicorp/aws\"]",
      "instances": []
    },
    {
      "module": "module.ecr_repo.module.ecr_repo",
      "mode": "managed",
      "type": "aws_ecr_repository",
      "name": "this",
      "provider": "provider[\"registry.terraform.io/hashicorp/aws\"]",
      "instances": [
        {
          "index_key": 0,
          "schema_version": 0,
          "attributes": {
            "arn": "arn:aws:ecr:us-east-1:294417223953:repository/order-system-repo",
            "encryption_configuration": [
              {
                "encryption_type": "AES256",
                "kms_key": ""
              }
            ],
            "force_delete": null,
            "id": "order-system-repo",
            "image_scanning_configuration": [
              {
                "scan_on_push": true
              }
            ],
            "image_tag_mutability": "MUTABLE",
            "name": "order-system-repo",
            "registry_id": "294417223953",
            "repository_url": "294417223953.dkr.ecr.us-east-1.amazonaws.com/order-system-repo",
            "tags": {
              "Environment": "dev",
              "Project": "order-system"
            },
            "tags_all": {
              "Environment": "dev",
              "Project": "order-system"
            },
            "timeouts": null
          },
          "sensitive_attributes": [],
          "private": "eyJlMmJmYjczMC1lY2FhLTExZTYtOGY4OC0zNDM2M2JjN2M0YzAiOnsiZGVsZXRlIjoxMjAwMDAwMDAwMDAwfX0="
        }
      ]
    },
    {
      "module": "module.ecr_repo.module.ecr_repo",
      "mode": "managed",
      "type": "aws_ecrpublic_repository",
      "name": "this",
      "provider": "provider[\"registry.terraform.io/hashicorp/aws\"]",
      "instances": []
    },
    {
      "module": "module.ecr_repo.module.ecr_repo",
      "mode": "managed",
      "type": "aws_ecrpublic_repository_policy",
      "name": "example",
      "provider": "provider[\"registry.terraform.io/hashicorp/aws\"]",
      "instances": []
    },
    {
      "module": "module.ecs",
      "mode": "managed",
      "type": "aws_ecs_cluster",
      "name": "fargate_cluster",
      "provider": "provider[\"registry.terraform.io/hashicorp/aws\"]",
      "instances": [
        {
          "schema_version": 0,
          "attributes": {
            "arn": "arn:aws:ecs:us-east-1:294417223953:cluster/order-system-fargate-cluster",
            "configuration": [],
            "id": "arn:aws:ecs:us-east-1:294417223953:cluster/order-system-fargate-cluster",
            "name": "order-system-fargate-cluster",
            "service_connect_defaults": [],
            "setting": [
              {
                "name": "containerInsights",
                "value": "disabled"
              }
            ],
            "tags": {
              "Environment": "dev",
              "Project": "order-system"
            },
            "tags_all": {
              "Environment": "dev",
              "Project": "order-system"
            }
          },
          "sensitive_attributes": [],
          "private": "bnVsbA=="
        }
      ]
    },
    {
      "module": "module.ecs_inventory_service",
      "mode": "managed",
      "type": "aws_cloudwatch_log_group",
      "name": "ecs_app_log_group",
      "provider": "provider[\"registry.terraform.io/hashicorp/aws\"]",
      "instances": [
        {
          "schema_version": 0,
          "attributes": {
            "arn": "arn:aws:logs:us-east-1:294417223953:log-group:/ecs/inventory-service",
            "id": "/ecs/inventory-service",
            "kms_key_id": "",
            "log_group_class": "STANDARD",
            "name": "/ecs/inventory-service",
            "name_prefix": "",
            "retention_in_days": 30,
            "skip_destroy": false,
            "tags": null,
            "tags_all": {}
          },
          "sensitive_attributes": [],
          "private": "bnVsbA=="
        }
      ]
    },
    {
      "module": "module.ecs_inventory_service",
      "mode": "managed",
      "type": "aws_ecs_service",
      "name": "inventory_service",
      "provider": "provider[\"registry.terraform.io/hashicorp/aws\"]",
      "instances": [
        {
          "schema_version": 1,
          "attributes": {
            "alarms": [],
            "capacity_provider_strategy": [],
            "cluster": "arn:aws:ecs:us-east-1:294417223953:cluster/order-system-fargate-cluster",
            "deployment_circuit_breaker": [
              {
                "enable": false,
                "rollback": false
              }
            ],
            "deployment_controller": [
              {
                "type": "ECS"
              }
            ],
            "deployment_maximum_percent": 200,
            "deployment_minimum_healthy_percent": 100,
            "desired_count": 2,
            "enable_ecs_managed_tags": false,
            "enable_execute_command": false,
            "force_new_deployment": null,
            "health_check_grace_period_seconds": 0,
            "iam_role": "/aws-service-role/ecs.amazonaws.com/AWSServiceRoleForECS",
            "id": "arn:aws:ecs:us-east-1:294417223953:service/order-system-fargate-cluster/inventory-service",
            "launch_type": "FARGATE",
            "load_balancer": [
              {
                "container_name": "inventory-container",
                "container_port": 8080,
                "elb_name": "",
                "target_group_arn": "arn:aws:elasticloadbalancing:us-east-1:294417223953:targetgroup/inventory-tg/a58de0edd0d13468"
              }
            ],
            "name": "inventory-service",
            "network_configuration": [
              {
                "assign_public_ip": false,
                "security_groups": [
                  "sg-05422201153769d0f",
                  "sg-08a4674dd10e72db1"
                ],
                "subnets": [
                  "subnet-0bee5d70fdc658d41",
                  "subnet-0f87ebfabf38399b2"
                ]
              }
            ],
            "ordered_placement_strategy": [],
            "placement_constraints": [],
            "platform_version": "LATEST",
            "propagate_tags": "NONE",
            "scheduling_strategy": "REPLICA",
            "service_connect_configuration": [],
            "service_registries": [],
            "tags": {
              "Environment": "dev",
              "Project": "order-system"
            },
            "tags_all": {
              "Environment": "dev",
              "Project": "order-system"
            },
            "task_definition": "arn:aws:ecs:us-east-1:294417223953:task-definition/inventory-service:3",
            "timeouts": null,
            "triggers": {},
            "volume_configuration": [],
            "wait_for_steady_state": false
          },
          "sensitive_attributes": [],
          "private": "eyJlMmJmYjczMC1lY2FhLTExZTYtOGY4OC0zNDM2M2JjN2M0YzAiOnsiY3JlYXRlIjoxMjAwMDAwMDAwMDAwLCJkZWxldGUiOjEyMDAwMDAwMDAwMDAsInVwZGF0ZSI6MTIwMDAwMDAwMDAwMH0sInNjaGVtYV92ZXJzaW9uIjoiMSJ9",
          "dependencies": [
            "module.ecs.aws_ecs_cluster.fargate_cluster",
            "module.ecs_inventory_service.aws_cloudwatch_log_group.ecs_app_log_group",
            "module.ecs_inventory_service.aws_ecs_task_definition.inventory_service",
            "module.ecs_inventory_service.aws_lb.inventory_lb",
            "module.ecs_inventory_service.aws_lb_listener.inventory_listener",
            "module.ecs_inventory_service.aws_lb_target_group.inventory_tg",
            "module.ecs_inventory_service.aws_security_group.ecs_task_sg_inventory",
            "module.ecs_inventory_service.aws_security_group.lb_sg",
            "module.iam.aws_iam_role.ecs_task_execution_role",
            "module.iam.data.aws_iam_policy_document.ecs_task_execution_assume_role",
            "module.inventory_service_db.aws_db_instance.this",
            "module.network.aws_db_subnet_group.order_db_subnet_group",
            "module.network.aws_security_group.fargate_sg",
            "module.network.aws_security_group.postgresql-sg",
            "module.network.aws_subnet.private",
            "module.network.aws_vpc.this",
            "module.network.data.aws_availability_zones.available"
          ]
        }
      ]
    },
    {
      "module": "module.ecs_inventory_service",
      "mode": "managed",
      "type": "aws_ecs_task_definition",
      "name": "inventory_service",
      "provider": "provider[\"registry.terraform.io/hashicorp/aws\"]",
      "instances": [
        {
          "schema_version": 1,
          "attributes": {
            "arn": "arn:aws:ecs:us-east-1:294417223953:task-definition/inventory-service:3",
            "arn_without_revision": "arn:aws:ecs:us-east-1:294417223953:task-definition/inventory-service",
            "container_definitions": "[{\"cpu\":0,\"environment\":[{\"name\":\"DB_NAME\",\"value\":\"inventorydb\"},{\"name\":\"DB_PASSWORD\",\"value\":\"secretpassword\"},{\"name\":\"DB_USERNAME\",\"value\":\"inventoryuser\"},{\"name\":\"RDS_ENDPOINT\",\"value\":\"terraform-20250430204505341900000005.cmw3e40chj7r.us-east-1.rds.amazonaws.com\"}],\"essential\":true,\"image\":\"294417223953.dkr.ecr.us-east-1.amazonaws.com/order-system-repo:inventory-service-latest\",\"logConfiguration\":{\"logDriver\":\"awslogs\",\"options\":{\"awslogs-group\":\"/ecs/inventory-service\",\"awslogs-region\":\"us-east-1\",\"awslogs-stream-prefix\":\"ecs\"}},\"name\":\"inventory-container\",\"portMappings\":[{\"appProtocol\":\"\",\"containerPort\":8080,\"hostPort\":8080,\"protocol\":\"tcp\"}]}]",
            "cpu": "256",
            "ephemeral_storage": [],
            "execution_role_arn": "arn:aws:iam::294417223953:role/ecsTaskExecution",
            "family": "inventory-service",
            "id": "inventory-service",
            "inference_accelerator": [],
            "ipc_mode": "",
            "memory": "512",
            "network_mode": "awsvpc",
            "pid_mode": "",
            "placement_constraints": [],
            "proxy_configuration": [],
            "requires_compatibilities": [
              "FARGATE"
            ],
            "revision": 3,
            "runtime_platform": [],
            "skip_destroy": false,
            "tags": {
              "Environment": "dev",
              "Project": "order-system"
            },
            "tags_all": {
              "Environment": "dev",
              "Project": "order-system"
            },
            "task_role_arn": "arn:aws:iam::294417223953:role/ecsTaskExecution",
            "track_latest": false,
            "volume": []
          },
          "sensitive_attributes": [],
          "private": "eyJzY2hlbWFfdmVyc2lvbiI6IjEifQ==",
          "dependencies": [
            "module.ecs_inventory_service.aws_cloudwatch_log_group.ecs_app_log_group",
            "module.iam.aws_iam_role.ecs_task_execution_role",
            "module.iam.data.aws_iam_policy_document.ecs_task_execution_assume_role",
            "module.inventory_service_db.aws_db_instance.this",
            "module.network.aws_db_subnet_group.order_db_subnet_group",
            "module.network.aws_security_group.postgresql-sg",
            "module.network.aws_subnet.private",
            "module.network.aws_vpc.this",
            "module.network.data.aws_availability_zones.available"
          ]
        }
      ]
    },
    {
      "module": "module.ecs_inventory_service",
      "mode": "managed",
      "type": "aws_lb",
      "name": "inventory_lb",
      "provider": "provider[\"registry.terraform.io/hashicorp/aws\"]",
      "instances": [
        {
          "schema_version": 0,
          "attributes": {
            "access_logs": [
              {
                "bucket": "",
                "enabled": false,
                "prefix": ""
              }
            ],
            "arn": "arn:aws:elasticloadbalancing:us-east-1:294417223953:loadbalancer/app/inventory-lb/e21b101323cf48e0",
            "arn_suffix": "app/inventory-lb/e21b101323cf48e0",
            "client_keep_alive": 3600,
            "connection_logs": [
              {
                "bucket": "",
                "enabled": false,
                "prefix": ""
              }
            ],
            "customer_owned_ipv4_pool": "",
            "desync_mitigation_mode": "defensive",
            "dns_name": "inventory-lb-1220267120.us-east-1.elb.amazonaws.com",
            "dns_record_client_routing_policy": null,
            "drop_invalid_header_fields": false,
            "enable_cross_zone_load_balancing": true,
            "enable_deletion_protection": false,
            "enable_http2": true,
            "enable_tls_version_and_cipher_suite_headers": false,
            "enable_waf_fail_open": false,
            "enable_xff_client_port": false,
            "enforce_security_group_inbound_rules_on_private_link_traffic": "",
            "id": "arn:aws:elasticloadbalancing:us-east-1:294417223953:loadbalancer/app/inventory-lb/e21b101323cf48e0",
            "idle_timeout": 60,
            "internal": false,
            "ip_address_type": "ipv4",
            "load_balancer_type": "application",
            "name": "inventory-lb",
            "name_prefix": "",
            "preserve_host_header": false,
            "security_groups": [
              "sg-0827ad3a6df919600"
            ],
            "subnet_mapping": [
              {
                "allocation_id": "",
                "ipv6_address": "",
                "outpost_id": "",
                "private_ipv4_address": "",
                "subnet_id": "subnet-0bee5d70fdc658d41"
              },
              {
                "allocation_id": "",
                "ipv6_address": "",
                "outpost_id": "",
                "private_ipv4_address": "",
                "subnet_id": "subnet-0f87ebfabf38399b2"
              }
            ],
            "subnets": [
              "subnet-0bee5d70fdc658d41",
              "subnet-0f87ebfabf38399b2"
            ],
            "tags": {
              "Environment": "dev",
              "Project": "order-system"
            },
            "tags_all": {
              "Environment": "dev",
              "Project": "order-system"
            },
            "timeouts": null,
            "vpc_id": "vpc-0cb508df5b3658f8a",
            "xff_header_processing_mode": "append",
            "zone_id": "Z35SXDOTRQ7X7K"
          },
          "sensitive_attributes": [],
          "private": "eyJlMmJmYjczMC1lY2FhLTExZTYtOGY4OC0zNDM2M2JjN2M0YzAiOnsiY3JlYXRlIjo2MDAwMDAwMDAwMDAsImRlbGV0ZSI6NjAwMDAwMDAwMDAwLCJ1cGRhdGUiOjYwMDAwMDAwMDAwMH19",
          "dependencies": [
            "module.ecs_inventory_service.aws_security_group.lb_sg",
            "module.network.aws_subnet.private",
            "module.network.aws_vpc.this",
            "module.network.data.aws_availability_zones.available"
          ]
        }
      ]
    },
    {
      "module": "module.ecs_inventory_service",
      "mode": "managed",
      "type": "aws_lb_listener",
      "name": "inventory_listener",
      "provider": "provider[\"registry.terraform.io/hashicorp/aws\"]",
      "instances": [
        {
          "schema_version": 0,
          "attributes": {
            "alpn_policy": null,
            "arn": "arn:aws:elasticloadbalancing:us-east-1:294417223953:listener/app/inventory-lb/e21b101323cf48e0/115c57cbc1772191",
            "certificate_arn": null,
            "default_action": [
              {
                "authenticate_cognito": [],
                "authenticate_oidc": [],
                "fixed_response": [],
                "forward": [],
                "order": 1,
                "redirect": [],
                "target_group_arn": "arn:aws:elasticloadbalancing:us-east-1:294417223953:targetgroup/inventory-tg/a58de0edd0d13468",
                "type": "forward"
              }
            ],
            "id": "arn:aws:elasticloadbalancing:us-east-1:294417223953:listener/app/inventory-lb/e21b101323cf48e0/115c57cbc1772191",
            "load_balancer_arn": "arn:aws:elasticloadbalancing:us-east-1:294417223953:loadbalancer/app/inventory-lb/e21b101323cf48e0",
            "mutual_authentication": [],
            "port": 80,
            "protocol": "HTTP",
            "ssl_policy": "",
            "tags": null,
            "tags_all": {},
            "timeouts": null
          },
          "sensitive_attributes": [],
          "private": "eyJlMmJmYjczMC1lY2FhLTExZTYtOGY4OC0zNDM2M2JjN2M0YzAiOnsiY3JlYXRlIjozMDAwMDAwMDAwMDAsInVwZGF0ZSI6MzAwMDAwMDAwMDAwfX0=",
          "dependencies": [
            "module.ecs_inventory_service.aws_lb.inventory_lb",
            "module.ecs_inventory_service.aws_lb_target_group.inventory_tg",
            "module.ecs_inventory_service.aws_security_group.lb_sg",
            "module.network.aws_subnet.private",
            "module.network.aws_vpc.this",
            "module.network.data.aws_availability_zones.available"
          ]
        }
      ]
    },
    {
      "module": "module.ecs_inventory_service",
      "mode": "managed",
      "type": "aws_lb_target_group",
      "name": "inventory_tg",
      "provider": "provider[\"registry.terraform.io/hashicorp/aws\"]",
      "instances": [
        {
          "schema_version": 0,
          "attributes": {
            "arn": "arn:aws:elasticloadbalancing:us-east-1:294417223953:targetgroup/inventory-tg/a58de0edd0d13468",
            "arn_suffix": "targetgroup/inventory-tg/a58de0edd0d13468",
            "connection_termination": null,
            "deregistration_delay": "300",
            "health_check": [
              {
                "enabled": true,
                "healthy_threshold": 2,
                "interval": 90,
                "matcher": "200-299",
                "path": "/actuator/health",
                "port": "traffic-port",
                "protocol": "HTTP",
                "timeout": 5,
                "unhealthy_threshold": 2
              }
            ],
            "id": "arn:aws:elasticloadbalancing:us-east-1:294417223953:targetgroup/inventory-tg/a58de0edd0d13468",
            "ip_address_type": "ipv4",
            "lambda_multi_value_headers_enabled": false,
            "load_balancer_arns": [],
            "load_balancing_algorithm_type": "round_robin",
            "load_balancing_anomaly_mitigation": "off",
            "load_balancing_cross_zone_enabled": "use_load_balancer_configuration",
            "name": "inventory-tg",
            "name_prefix": "",
            "port": 8080,
            "preserve_client_ip": null,
            "protocol": "HTTP",
            "protocol_version": "HTTP1",
            "proxy_protocol_v2": false,
            "slow_start": 0,
            "stickiness": [
              {
                "cookie_duration": 86400,
                "cookie_name": "",
                "enabled": false,
                "type": "lb_cookie"
              }
            ],
            "tags": {
              "Environment": "dev",
              "Project": "order-system"
            },
            "tags_all": {
              "Environment": "dev",
              "Project": "order-system"
            },
            "target_failover": [
              {
                "on_deregistration": null,
                "on_unhealthy": null
              }
            ],
            "target_group_health": [
              {
                "dns_failover": [
                  {
                    "minimum_healthy_targets_count": "1",
                    "minimum_healthy_targets_percentage": "off"
                  }
                ],
                "unhealthy_state_routing": [
                  {
                    "minimum_healthy_targets_count": 1,
                    "minimum_healthy_targets_percentage": "off"
                  }
                ]
              }
            ],
            "target_health_state": [
              {
                "enable_unhealthy_connection_termination": null
              }
            ],
            "target_type": "ip",
            "vpc_id": "vpc-0cb508df5b3658f8a"
          },
          "sensitive_attributes": [],
          "private": "bnVsbA==",
          "dependencies": [
            "module.network.aws_vpc.this"
          ]
        }
      ]
    },
    {
      "module": "module.ecs_inventory_service",
      "mode": "managed",
      "type": "aws_security_group",
      "name": "ecs_task_sg_inventory",
      "provider": "provider[\"registry.terraform.io/hashicorp/aws\"]",
      "instances": [
        {
          "schema_version": 1,
          "attributes": {
            "arn": "arn:aws:ec2:us-east-1:294417223953:security-group/sg-08a4674dd10e72db1",
            "description": "Security group for ECS tasks that allows outbound HTTPS (443) traffic",
            "egress": [
              {
                "cidr_blocks": [
                  "0.0.0.0/0"
                ],
                "description": "Allow outbound HTTPS traffic on port 443",
                "from_port": 443,
                "ipv6_cidr_blocks": [],
                "prefix_list_ids": [],
                "protocol": "tcp",
                "security_groups": [],
                "self": false,
                "to_port": 443
              }
            ],
            "id": "sg-08a4674dd10e72db1",
            "ingress": [],
            "name": "ecs-task-sg_inventory",
            "name_prefix": "",
            "owner_id": "294417223953",
            "revoke_rules_on_delete": false,
            "tags": {
              "Environment": "dev",
              "Project": "order-system"
            },
            "tags_all": {
              "Environment": "dev",
              "Project": "order-system"
            },
            "timeouts": null,
            "vpc_id": "vpc-0cb508df5b3658f8a"
          },
          "sensitive_attributes": [],
          "private": "eyJlMmJmYjczMC1lY2FhLTExZTYtOGY4OC0zNDM2M2JjN2M0YzAiOnsiY3JlYXRlIjo2MDAwMDAwMDAwMDAsImRlbGV0ZSI6OTAwMDAwMDAwMDAwfSwic2NoZW1hX3ZlcnNpb24iOiIxIn0=",
          "dependencies": [
            "module.network.aws_vpc.this"
          ]
        }
      ]
    },
    {
      "module": "module.ecs_inventory_service",
      "mode": "managed",
      "type": "aws_security_group",
      "name": "lb_sg",
      "provider": "provider[\"registry.terraform.io/hashicorp/aws\"]",
      "instances": [
        {
          "schema_version": 1,
          "attributes": {
            "arn": "arn:aws:ec2:us-east-1:294417223953:security-group/sg-0827ad3a6df919600",
            "description": "Security group for the Application Load Balancer",
            "egress": [
              {
                "cidr_blocks": [
                  "0.0.0.0/0"
                ],
                "description": "Allow all outbound traffic",
                "from_port": 0,
                "ipv6_cidr_blocks": [],
                "prefix_list_ids": [],
                "protocol": "-1",
                "security_groups": [],
                "self": false,
                "to_port": 0
              }
            ],
            "id": "sg-0827ad3a6df919600",
            "ingress": [
              {
                "cidr_blocks": [
                  "0.0.0.0/0"
                ],
                "description": "Allow HTTP from anywhere",
                "from_port": 80,
                "ipv6_cidr_blocks": [],
                "prefix_list_ids": [],
                "protocol": "tcp",
                "security_groups": [],
                "self": false,
                "to_port": 80
              }
            ],
            "name": "inventory-lb-sg",
            "name_prefix": "",
            "owner_id": "294417223953",
            "revoke_rules_on_delete": false,
            "tags": null,
            "tags_all": {},
            "timeouts": null,
            "vpc_id": "vpc-0cb508df5b3658f8a"
          },
          "sensitive_attributes": [],
          "private": "eyJlMmJmYjczMC1lY2FhLTExZTYtOGY4OC0zNDM2M2JjN2M0YzAiOnsiY3JlYXRlIjo2MDAwMDAwMDAwMDAsImRlbGV0ZSI6OTAwMDAwMDAwMDAwfSwic2NoZW1hX3ZlcnNpb24iOiIxIn0=",
          "dependencies": [
            "module.network.aws_vpc.this"
          ]
        }
      ]
    },
    {
      "module": "module.ecs_order_service",
      "mode": "managed",
      "type": "aws_cloudwatch_log_group",
      "name": "ecs_app_log_group",
      "provider": "provider[\"registry.terraform.io/hashicorp/aws\"]",
      "instances": [
        {
          "schema_version": 0,
          "attributes": {
            "arn": "arn:aws:logs:us-east-1:294417223953:log-group:/ecs/order-service",
            "id": "/ecs/order-service",
            "kms_key_id": "",
            "log_group_class": "STANDARD",
            "name": "/ecs/order-service",
            "name_prefix": "",
            "retention_in_days": 30,
            "skip_destroy": false,
            "tags": {
              "Environment": "dev",
              "Project": "order-system"
            },
            "tags_all": {
              "Environment": "dev",
              "Project": "order-system"
            }
          },
          "sensitive_attributes": [],
          "private": "bnVsbA=="
        }
      ]
    },
    {
      "module": "module.ecs_order_service",
      "mode": "managed",
      "type": "aws_ecs_service",
      "name": "order_service",
      "provider": "provider[\"registry.terraform.io/hashicorp/aws\"]",
      "instances": [
        {
          "schema_version": 1,
          "attributes": {
            "alarms": [],
            "capacity_provider_strategy": [],
            "cluster": "arn:aws:ecs:us-east-1:294417223953:cluster/order-system-fargate-cluster",
            "deployment_circuit_breaker": [
              {
                "enable": false,
                "rollback": false
              }
            ],
            "deployment_controller": [
              {
                "type": "ECS"
              }
            ],
            "deployment_maximum_percent": 200,
            "deployment_minimum_healthy_percent": 100,
            "desired_count": 2,
            "enable_ecs_managed_tags": false,
            "enable_execute_command": false,
            "force_new_deployment": null,
            "health_check_grace_period_seconds": 0,
            "iam_role": "/aws-service-role/ecs.amazonaws.com/AWSServiceRoleForECS",
            "id": "arn:aws:ecs:us-east-1:294417223953:service/order-system-fargate-cluster/order-service",
            "launch_type": "FARGATE",
            "load_balancer": [
              {
                "container_name": "order-container",
                "container_port": 8080,
                "elb_name": "",
                "target_group_arn": "arn:aws:elasticloadbalancing:us-east-1:294417223953:targetgroup/order-tg/8dfed8bf904bd6d4"
              }
            ],
            "name": "order-service",
            "network_configuration": [
              {
                "assign_public_ip": false,
                "security_groups": [
                  "sg-00e3bdcc928e1f933",
                  "sg-05422201153769d0f"
                ],
                "subnets": [
                  "subnet-0bee5d70fdc658d41",
                  "subnet-0f87ebfabf38399b2"
                ]
              }
            ],
            "ordered_placement_strategy": [],
            "placement_constraints": [],
            "platform_version": "LATEST",
            "propagate_tags": "NONE",
            "scheduling_strategy": "REPLICA",
            "service_connect_configuration": [],
            "service_registries": [],
            "tags": null,
            "tags_all": {},
            "task_definition": "arn:aws:ecs:us-east-1:294417223953:task-definition/order-service:26",
            "timeouts": null,
            "triggers": {},
            "volume_configuration": [],
            "wait_for_steady_state": false
          },
          "sensitive_attributes": [],
          "private": "eyJlMmJmYjczMC1lY2FhLTExZTYtOGY4OC0zNDM2M2JjN2M0YzAiOnsiY3JlYXRlIjoxMjAwMDAwMDAwMDAwLCJkZWxldGUiOjEyMDAwMDAwMDAwMDAsInVwZGF0ZSI6MTIwMDAwMDAwMDAwMH0sInNjaGVtYV92ZXJzaW9uIjoiMSJ9",
          "dependencies": [
            "module.ecs.aws_ecs_cluster.fargate_cluster",
            "module.ecs_order_service.aws_cloudwatch_log_group.ecs_app_log_group",
            "module.ecs_order_service.aws_ecs_task_definition.order_service",
            "module.ecs_order_service.aws_lb.order_lb",
            "module.ecs_order_service.aws_lb_listener.order_listener",
            "module.ecs_order_service.aws_lb_target_group.order_tg",
            "module.ecs_order_service.aws_security_group.ecs_task_sg",
            "module.ecs_order_service.aws_security_group.lb_sg",
            "module.iam.aws_iam_role.ecs_task_execution_role",
            "module.iam.data.aws_iam_policy_document.ecs_task_execution_assume_role",
            "module.network.aws_db_subnet_group.order_db_subnet_group",
            "module.network.aws_security_group.fargate_sg",
            "module.network.aws_security_group.postgresql-sg",
            "module.network.aws_subnet.private",
            "module.network.aws_vpc.this",
            "module.network.data.aws_availability_zones.available",
            "module.order_service_db.aws_db_instance.this"
          ]
        }
      ]
    },
    {
      "module": "module.ecs_order_service",
      "mode": "managed",
      "type": "aws_ecs_task_definition",
      "name": "order_service",
      "provider": "provider[\"registry.terraform.io/hashicorp/aws\"]",
      "instances": [
        {
          "schema_version": 1,
          "attributes": {
            "arn": "arn:aws:ecs:us-east-1:294417223953:task-definition/order-service:26",
            "arn_without_revision": "arn:aws:ecs:us-east-1:294417223953:task-definition/order-service",
            "container_definitions": "[{\"cpu\":0,\"environment\":[{\"name\":\"DB_NAME\",\"value\":\"orderdb\"},{\"name\":\"DB_PASSWORD\",\"value\":\"secretpassword\"},{\"name\":\"DB_USERNAME\",\"value\":\"orderuser\"},{\"name\":\"RDS_ENDPOINT\",\"value\":\"terraform-20250430204506201500000006.cmw3e40chj7r.us-east-1.rds.amazonaws.com\"}],\"essential\":true,\"image\":\"294417223953.dkr.ecr.us-east-1.amazonaws.com/order-system-repo:order-service-latest\",\"logConfiguration\":{\"logDriver\":\"awslogs\",\"options\":{\"awslogs-group\":\"/ecs/order-service\",\"awslogs-region\":\"us-east-1\",\"awslogs-stream-prefix\":\"ecs\"}},\"name\":\"order-container\",\"portMappings\":[{\"appProtocol\":\"\",\"containerPort\":8080,\"hostPort\":8080,\"protocol\":\"tcp\"}]}]",
            "cpu": "256",
            "ephemeral_storage": [],
            "execution_role_arn": "arn:aws:iam::294417223953:role/ecsTaskExecution",
            "family": "order-service",
            "id": "order-service",
            "inference_accelerator": [],
            "ipc_mode": "",
            "memory": "512",
            "network_mode": "awsvpc",
            "pid_mode": "",
            "placement_constraints": [],
            "proxy_configuration": [],
            "requires_compatibilities": [
              "FARGATE"
            ],
            "revision": 26,
            "runtime_platform": [],
            "skip_destroy": false,
            "tags": null,
            "tags_all": {},
            "task_role_arn": "arn:aws:iam::294417223953:role/ecsTaskExecution",
            "track_latest": false,
            "volume": []
          },
          "sensitive_attributes": [],
          "private": "eyJzY2hlbWFfdmVyc2lvbiI6IjEifQ==",
          "dependencies": [
            "module.ecs_order_service.aws_cloudwatch_log_group.ecs_app_log_group",
            "module.iam.aws_iam_role.ecs_task_execution_role",
            "module.iam.data.aws_iam_policy_document.ecs_task_execution_assume_role",
            "module.network.aws_db_subnet_group.order_db_subnet_group",
            "module.network.aws_security_group.postgresql-sg",
            "module.network.aws_subnet.private",
            "module.network.aws_vpc.this",
            "module.network.data.aws_availability_zones.available",
            "module.order_service_db.aws_db_instance.this"
          ]
        }
      ]
    },
    {
      "module": "module.ecs_order_service",
      "mode": "managed",
      "type": "aws_lb",
      "name": "order_lb",
      "provider": "provider[\"registry.terraform.io/hashicorp/aws\"]",
      "instances": [
        {
          "schema_version": 0,
          "attributes": {
            "access_logs": [
              {
                "bucket": "",
                "enabled": false,
                "prefix": ""
              }
            ],
            "arn": "arn:aws:elasticloadbalancing:us-east-1:294417223953:loadbalancer/app/order-lb/8e3f05b5a4367f50",
            "arn_suffix": "app/order-lb/8e3f05b5a4367f50",
            "client_keep_alive": 3600,
            "connection_logs": [
              {
                "bucket": "",
                "enabled": false,
                "prefix": ""
              }
            ],
            "customer_owned_ipv4_pool": "",
            "desync_mitigation_mode": "defensive",
            "dns_name": "order-lb-1749257799.us-east-1.elb.amazonaws.com",
            "dns_record_client_routing_policy": null,
            "drop_invalid_header_fields": false,
            "enable_cross_zone_load_balancing": true,
            "enable_deletion_protection": false,
            "enable_http2": true,
            "enable_tls_version_and_cipher_suite_headers": false,
            "enable_waf_fail_open": false,
            "enable_xff_client_port": false,
            "enforce_security_group_inbound_rules_on_private_link_traffic": "",
            "id": "arn:aws:elasticloadbalancing:us-east-1:294417223953:loadbalancer/app/order-lb/8e3f05b5a4367f50",
            "idle_timeout": 60,
            "internal": false,
            "ip_address_type": "ipv4",
            "load_balancer_type": "application",
            "name": "order-lb",
            "name_prefix": "",
            "preserve_host_header": false,
            "security_groups": [
              "sg-056eccd0bcd3a3c11"
            ],
            "subnet_mapping": [
              {
                "allocation_id": "",
                "ipv6_address": "",
                "outpost_id": "",
                "private_ipv4_address": "",
                "subnet_id": "subnet-0bee5d70fdc658d41"
              },
              {
                "allocation_id": "",
                "ipv6_address": "",
                "outpost_id": "",
                "private_ipv4_address": "",
                "subnet_id": "subnet-0f87ebfabf38399b2"
              }
            ],
            "subnets": [
              "subnet-0bee5d70fdc658d41",
              "subnet-0f87ebfabf38399b2"
            ],
            "tags": {
              "Environment": "dev",
              "Project": "order-system"
            },
            "tags_all": {
              "Environment": "dev",
              "Project": "order-system"
            },
            "timeouts": null,
            "vpc_id": "vpc-0cb508df5b3658f8a",
            "xff_header_processing_mode": "append",
            "zone_id": "Z35SXDOTRQ7X7K"
          },
          "sensitive_attributes": [],
          "private": "eyJlMmJmYjczMC1lY2FhLTExZTYtOGY4OC0zNDM2M2JjN2M0YzAiOnsiY3JlYXRlIjo2MDAwMDAwMDAwMDAsImRlbGV0ZSI6NjAwMDAwMDAwMDAwLCJ1cGRhdGUiOjYwMDAwMDAwMDAwMH19",
          "dependencies": [
            "module.ecs_order_service.aws_security_group.lb_sg",
            "module.network.aws_subnet.private",
            "module.network.aws_vpc.this",
            "module.network.data.aws_availability_zones.available"
          ]
        }
      ]
    },
    {
      "module": "module.ecs_order_service",
      "mode": "managed",
      "type": "aws_lb_listener",
      "name": "order_listener",
      "provider": "provider[\"registry.terraform.io/hashicorp/aws\"]",
      "instances": [
        {
          "schema_version": 0,
          "attributes": {
            "alpn_policy": null,
            "arn": "arn:aws:elasticloadbalancing:us-east-1:294417223953:listener/app/order-lb/8e3f05b5a4367f50/5ebdaaae20907bc8",
            "certificate_arn": null,
            "default_action": [
              {
                "authenticate_cognito": [],
                "authenticate_oidc": [],
                "fixed_response": [],
                "forward": [],
                "order": 1,
                "redirect": [],
                "target_group_arn": "arn:aws:elasticloadbalancing:us-east-1:294417223953:targetgroup/order-tg/8dfed8bf904bd6d4",
                "type": "forward"
              }
            ],
            "id": "arn:aws:elasticloadbalancing:us-east-1:294417223953:listener/app/order-lb/8e3f05b5a4367f50/5ebdaaae20907bc8",
            "load_balancer_arn": "arn:aws:elasticloadbalancing:us-east-1:294417223953:loadbalancer/app/order-lb/8e3f05b5a4367f50",
            "mutual_authentication": [],
            "port": 80,
            "protocol": "HTTP",
            "ssl_policy": "",
            "tags": {
              "Environment": "dev",
              "Project": "order-system"
            },
            "tags_all": {
              "Environment": "dev",
              "Project": "order-system"
            },
            "timeouts": null
          },
          "sensitive_attributes": [],
          "private": "eyJlMmJmYjczMC1lY2FhLTExZTYtOGY4OC0zNDM2M2JjN2M0YzAiOnsiY3JlYXRlIjozMDAwMDAwMDAwMDAsInVwZGF0ZSI6MzAwMDAwMDAwMDAwfX0=",
          "dependencies": [
            "module.ecs_order_service.aws_lb.order_lb",
            "module.ecs_order_service.aws_lb_target_group.order_tg",
            "module.ecs_order_service.aws_security_group.lb_sg",
            "module.network.aws_subnet.private",
            "module.network.aws_vpc.this",
            "module.network.data.aws_availability_zones.available"
          ]
        }
      ]
    },
    {
      "module": "module.ecs_order_service",
      "mode": "managed",
      "type": "aws_lb_target_group",
      "name": "order_tg",
      "provider": "provider[\"registry.terraform.io/hashicorp/aws\"]",
      "instances": [
        {
          "schema_version": 0,
          "attributes": {
            "arn": "arn:aws:elasticloadbalancing:us-east-1:294417223953:targetgroup/order-tg/8dfed8bf904bd6d4",
            "arn_suffix": "targetgroup/order-tg/8dfed8bf904bd6d4",
            "connection_termination": null,
            "deregistration_delay": "300",
            "health_check": [
              {
                "enabled": true,
                "healthy_threshold": 2,
                "interval": 90,
                "matcher": "200-299",
                "path": "/actuator/health",
                "port": "traffic-port",
                "protocol": "HTTP",
                "timeout": 5,
                "unhealthy_threshold": 2
              }
            ],
            "id": "arn:aws:elasticloadbalancing:us-east-1:294417223953:targetgroup/order-tg/8dfed8bf904bd6d4",
            "ip_address_type": "ipv4",
            "lambda_multi_value_headers_enabled": false,
            "load_balancer_arns": [],
            "load_balancing_algorithm_type": "round_robin",
            "load_balancing_anomaly_mitigation": "off",
            "load_balancing_cross_zone_enabled": "use_load_balancer_configuration",
            "name": "order-tg",
            "name_prefix": "",
            "port": 8080,
            "preserve_client_ip": null,
            "protocol": "HTTP",
            "protocol_version": "HTTP1",
            "proxy_protocol_v2": false,
            "slow_start": 0,
            "stickiness": [
              {
                "cookie_duration": 86400,
                "cookie_name": "",
                "enabled": false,
                "type": "lb_cookie"
              }
            ],
            "tags": {
              "Environment": "dev",
              "Project": "order-system"
            },
            "tags_all": {
              "Environment": "dev",
              "Project": "order-system"
            },
            "target_failover": [
              {
                "on_deregistration": null,
                "on_unhealthy": null
              }
            ],
            "target_group_health": [
              {
                "dns_failover": [
                  {
                    "minimum_healthy_targets_count": "1",
                    "minimum_healthy_targets_percentage": "off"
                  }
                ],
                "unhealthy_state_routing": [
                  {
                    "minimum_healthy_targets_count": 1,
                    "minimum_healthy_targets_percentage": "off"
                  }
                ]
              }
            ],
            "target_health_state": [
              {
                "enable_unhealthy_connection_termination": null
              }
            ],
            "target_type": "ip",
            "vpc_id": "vpc-0cb508df5b3658f8a"
          },
          "sensitive_attributes": [],
          "private": "bnVsbA==",
          "dependencies": [
            "module.network.aws_vpc.this"
          ]
        }
      ]
    },
    {
      "module": "module.ecs_order_service",
      "mode": "managed",
      "type": "aws_security_group",
      "name": "ecs_task_sg",
      "provider": "provider[\"registry.terraform.io/hashicorp/aws\"]",
      "instances": [
        {
          "schema_version": 1,
          "attributes": {
            "arn": "arn:aws:ec2:us-east-1:294417223953:security-group/sg-00e3bdcc928e1f933",
            "description": "Security group for ECS tasks that allows outbound HTTPS (443) traffic",
            "egress": [
              {
                "cidr_blocks": [
                  "0.0.0.0/0"
                ],
                "description": "Allow outbound HTTPS traffic on port 443",
                "from_port": 443,
                "ipv6_cidr_blocks": [],
                "prefix_list_ids": [],
                "protocol": "tcp",
                "security_groups": [],
                "self": false,
                "to_port": 443
              }
            ],
            "id": "sg-00e3bdcc928e1f933",
            "ingress": [],
            "name": "ecs-task-sg",
            "name_prefix": "",
            "owner_id": "294417223953",
            "revoke_rules_on_delete": false,
            "tags": {
              "Environment": "dev",
              "Project": "order-system"
            },
            "tags_all": {
              "Environment": "dev",
              "Project": "order-system"
            },
            "timeouts": null,
            "vpc_id": "vpc-0cb508df5b3658f8a"
          },
          "sensitive_attributes": [],
          "private": "eyJlMmJmYjczMC1lY2FhLTExZTYtOGY4OC0zNDM2M2JjN2M0YzAiOnsiY3JlYXRlIjo2MDAwMDAwMDAwMDAsImRlbGV0ZSI6OTAwMDAwMDAwMDAwfSwic2NoZW1hX3ZlcnNpb24iOiIxIn0=",
          "dependencies": [
            "module.network.aws_vpc.this"
          ]
        }
      ]
    },
    {
      "module": "module.ecs_order_service",
      "mode": "managed",
      "type": "aws_security_group",
      "name": "lb_sg",
      "provider": "provider[\"registry.terraform.io/hashicorp/aws\"]",
      "instances": [
        {
          "schema_version": 1,
          "attributes": {
            "arn": "arn:aws:ec2:us-east-1:294417223953:security-group/sg-056eccd0bcd3a3c11",
            "description": "Security group for the Application Load Balancer",
            "egress": [
              {
                "cidr_blocks": [
                  "0.0.0.0/0"
                ],
                "description": "Allow all outbound traffic",
                "from_port": 0,
                "ipv6_cidr_blocks": [],
                "prefix_list_ids": [],
                "protocol": "-1",
                "security_groups": [],
                "self": false,
                "to_port": 0
              }
            ],
            "id": "sg-056eccd0bcd3a3c11",
            "ingress": [
              {
                "cidr_blocks": [
                  "0.0.0.0/0"
                ],
                "description": "Allow HTTP from anywhere",
                "from_port": 80,
                "ipv6_cidr_blocks": [],
                "prefix_list_ids": [],
                "protocol": "tcp",
                "security_groups": [],
                "self": false,
                "to_port": 80
              }
            ],
            "name": "order-lb-sg",
            "name_prefix": "",
            "owner_id": "294417223953",
            "revoke_rules_on_delete": false,
            "tags": {
              "Environment": "dev",
              "Project": "order-system"
            },
            "tags_all": {
              "Environment": "dev",
              "Project": "order-system"
            },
            "timeouts": null,
            "vpc_id": "vpc-0cb508df5b3658f8a"
          },
          "sensitive_attributes": [],
          "private": "eyJlMmJmYjczMC1lY2FhLTExZTYtOGY4OC0zNDM2M2JjN2M0YzAiOnsiY3JlYXRlIjo2MDAwMDAwMDAwMDAsImRlbGV0ZSI6OTAwMDAwMDAwMDAwfSwic2NoZW1hX3ZlcnNpb24iOiIxIn0=",
          "dependencies": [
            "module.network.aws_vpc.this"
          ]
        }
      ]
    },
    {
      "module": "module.iam",
      "mode": "data",
      "type": "aws_iam_policy_document",
      "name": "ecs_task_execution_assume_role",
      "provider": "provider[\"registry.terraform.io/hashicorp/aws\"]",
      "instances": [
        {
          "schema_version": 0,
          "attributes": {
            "id": "1077804475",
            "json": "{\n  \"Version\": \"2012-10-17\",\n  \"Statement\": [\n    {\n      \"Effect\": \"Allow\",\n      \"Action\": \"sts:AssumeRole\",\n      \"Principal\": {\n        \"Service\": \"ecs-tasks.amazonaws.com\"\n      }\n    }\n  ]\n}",
            "minified_json": "{\"Version\":\"2012-10-17\",\"Statement\":[{\"Effect\":\"Allow\",\"Action\":\"sts:AssumeRole\",\"Principal\":{\"Service\":\"ecs-tasks.amazonaws.com\"}}]}",
            "override_json": null,
            "override_policy_documents": null,
            "policy_id": null,
            "source_json": null,
            "source_policy_documents": null,
            "statement": [
              {
                "actions": [
                  "sts:AssumeRole"
                ],
                "condition": [],
                "effect": "Allow",
                "not_actions": [],
                "not_principals": [],
                "not_resources": [],
                "principals": [
                  {
                    "identifiers": [
                      "ecs-tasks.amazonaws.com"
                    ],
                    "type": "Service"
                  }
                ],
                "resources": [],
                "sid": ""
              }
            ],
            "version": "2012-10-17"
          },
          "sensitive_attributes": []
        }
      ]
    },
    {
      "module": "module.iam",
      "mode": "managed",
      "type": "aws_iam_role",
      "name": "ecs_task_execution_role",
      "provider": "provider[\"registry.terraform.io/hashicorp/aws\"]",
      "instances": [
        {
          "schema_version": 0,
          "attributes": {
            "arn": "arn:aws:iam::294417223953:role/ecsTaskExecution",
            "assume_role_policy": "{\"Statement\":[{\"Action\":\"sts:AssumeRole\",\"Effect\":\"Allow\",\"Principal\":{\"Service\":\"ecs-tasks.amazonaws.com\"}}],\"Version\":\"2012-10-17\"}",
            "create_date": "2025-04-30T20:44:59Z",
            "description": "",
            "force_detach_policies": false,
            "id": "ecsTaskExecution",
            "inline_policy": [],
            "managed_policy_arns": [],
            "max_session_duration": 3600,
            "name": "ecsTaskExecution",
            "name_prefix": "",
            "path": "/",
            "permissions_boundary": "",
            "tags": null,
            "tags_all": {},
            "unique_id": "AROAUJDFCKEIT3BLIOY5U"
          },
          "sensitive_attributes": [],
          "private": "bnVsbA==",
          "dependencies": [
            "module.iam.data.aws_iam_policy_document.ecs_task_execution_assume_role"
          ]
        }
      ]
    },
    {
      "module": "module.iam",
      "mode": "managed",
      "type": "aws_iam_role",
      "name": "lambda_exec_role",
      "provider": "provider[\"registry.terraform.io/hashicorp/aws\"]",
      "instances": [
        {
          "schema_version": 0,
          "attributes": {
            "arn": "arn:aws:iam::294417223953:role/lambda_exec_role",
            "assume_role_policy": "{\"Statement\":[{\"Action\":\"sts:AssumeRole\",\"Effect\":\"Allow\",\"Principal\":{\"Service\":\"lambda.amazonaws.com\"}}],\"Version\":\"2012-10-17\"}",
            "create_date": "2025-04-30T20:44:59Z",
            "description": "",
            "force_detach_policies": false,
            "id": "lambda_exec_role",
            "inline_policy": [],
            "managed_policy_arns": [],
            "max_session_duration": 3600,
            "name": "lambda_exec_role",
            "name_prefix": "",
            "path": "/",
            "permissions_boundary": "",
            "tags": {
              "Environment": "dev",
              "Project": "order-system"
            },
            "tags_all": {
              "Environment": "dev",
              "Project": "order-system"
            },
            "unique_id": "AROAUJDFCKEI7WVSG6OSK"
          },
          "sensitive_attributes": [],
          "private": "bnVsbA=="
        }
      ]
    },
    {
      "module": "module.iam",
      "mode": "managed",
      "type": "aws_iam_role",
      "name": "sfn_role",
      "provider": "provider[\"registry.terraform.io/hashicorp/aws\"]",
      "instances": [
        {
          "schema_version": 0,
          "attributes": {
            "arn": "arn:aws:iam::294417223953:role/order-saga-sfn-role",
            "assume_role_policy": "{\"Statement\":[{\"Action\":\"sts:AssumeRole\",\"Effect\":\"Allow\",\"Principal\":{\"Service\":\"states.amazonaws.com\"}}],\"Version\":\"2012-10-17\"}",
            "create_date": "2025-04-30T20:44:59Z",
            "description": "",
            "force_detach_policies": false,
            "id": "order-saga-sfn-role",
            "inline_policy": [],
            "managed_policy_arns": [],
            "max_session_duration": 3600,
            "name": "order-saga-sfn-role",
            "name_prefix": "",
            "path": "/",
            "permissions_boundary": "",
            "tags": {
              "Environment": "dev",
              "Project": "order-system"
            },
            "tags_all": {
              "Environment": "dev",
              "Project": "order-system"
            },
            "unique_id": "AROAUJDFCKEI47VWGL6RI"
          },
          "sensitive_attributes": [],
          "private": "bnVsbA=="
        }
      ]
    },
    {
      "module": "module.iam",
      "mode": "managed",
      "type": "aws_iam_role_policy",
      "name": "ecs_task_execution_sqs_policy",
      "provider": "provider[\"registry.terraform.io/hashicorp/aws\"]",
      "instances": [
        {
          "schema_version": 0,
          "attributes": {
            "id": "ecsTaskExecution:ecs-task-execution-sqs-policy",
            "name": "ecs-task-execution-sqs-policy",
            "name_prefix": "",
            "policy": "{\"Version\":\"2012-10-17\",\"Statement\":[{\"Action\":\"sqs:SendMessage\",\"Effect\":\"Allow\",\"Resource\":\"arn:aws:sqs:us-east-1:294417223953:orders-queue\"}]}",
            "role": "ecsTaskExecution"
          },
          "sensitive_attributes": [],
          "private": "bnVsbA==",
          "dependencies": [
            "module.iam.aws_iam_role.ecs_task_execution_role",
            "module.iam.data.aws_iam_policy_document.ecs_task_execution_assume_role"
          ]
        }
      ]
    },
    {
      "module": "module.iam",
      "mode": "managed",
      "type": "aws_iam_role_policy",
      "name": "sfn_policy",
      "provider": "provider[\"registry.terraform.io/hashicorp/aws\"]",
      "instances": [
        {
          "schema_version": 0,
          "attributes": {
            "id": "order-saga-sfn-role:order-saga-sfn-policy",
            "name": "order-saga-sfn-policy",
            "name_prefix": "",
            "policy": "{\"Version\":\"2012-10-17\",\"Statement\":[{\"Action\":[\"lambda:InvokeFunction\"],\"Effect\":\"Allow\",\"Resource\":[\"arn:aws:lambda:us-east-1:294417223953:function:orderServiceFunction\",\"arn:aws:lambda:us-east-1:294417223953:function:inventoryServiceFunction\",\"arn:aws:lambda:us-east-1:294417223953:function:orderCallbackFunction\",\"arn:aws:lambda:us-east-1:294417223953:function:emailServiceFunction\"]}]}",
            "role": "order-saga-sfn-role"
          },
          "sensitive_attributes": [],
          "private": "bnVsbA==",
          "dependencies": [
            "module.ecs_inventory_service.aws_lb.inventory_lb",
            "module.ecs_inventory_service.aws_security_group.lb_sg",
            "module.ecs_order_service.aws_lb.order_lb",
            "module.ecs_order_service.aws_security_group.lb_sg",
            "module.iam.aws_iam_role.lambda_exec_role",
            "module.iam.aws_iam_role.sfn_role",
            "module.lambda.aws_lambda_function.email_service",
            "module.lambda.aws_lambda_function.inventory_service",
            "module.lambda.aws_lambda_function.order_callback",
            "module.lambda.aws_lambda_function.order_service",
            "module.network.aws_subnet.private",
            "module.network.aws_vpc.this",
            "module.network.data.aws_availability_zones.available"
          ]
        }
      ]
    },
    {
      "module": "module.iam",
      "mode": "managed",
      "type": "aws_iam_role_policy_attachment",
      "name": "ecs_task_execution_role_policy_attachment",
      "provider": "provider[\"registry.terraform.io/hashicorp/aws\"]",
      "instances": [
        {
          "schema_version": 0,
          "attributes": {
            "id": "ecsTaskExecution-20250430204500029600000002",
            "policy_arn": "arn:aws:iam::aws:policy/service-role/AmazonECSTaskExecutionRolePolicy",
            "role": "ecsTaskExecution"
          },
          "sensitive_attributes": [],
          "private": "bnVsbA==",
          "dependencies": [
            "module.iam.aws_iam_role.ecs_task_execution_role",
            "module.iam.data.aws_iam_policy_document.ecs_task_execution_assume_role"
          ]
        }
      ]
    },
    {
      "module": "module.iam",
      "mode": "managed",
      "type": "aws_iam_role_policy_attachment",
      "name": "lambda_logging",
      "provider": "provider[\"registry.terraform.io/hashicorp/aws\"]",
      "instances": [
        {
          "schema_version": 0,
          "attributes": {
            "id": "lambda_exec_role-20250430204500028100000001",
            "policy_arn": "arn:aws:iam::aws:policy/service-role/AWSLambdaBasicExecutionRole",
            "role": "lambda_exec_role"
          },
          "sensitive_attributes": [],
          "private": "bnVsbA==",
          "dependencies": [
            "module.iam.aws_iam_role.lambda_exec_role"
          ]
        }
      ]
    },
    {
      "module": "module.inventory_service_db",
      "mode": "managed",
      "type": "aws_db_instance",
      "name": "this",
      "provider": "provider[\"registry.terraform.io/hashicorp/aws\"]",
      "instances": [
        {
          "schema_version": 2,
          "attributes": {
            "address": "terraform-20250430204505341900000005.cmw3e40chj7r.us-east-1.rds.amazonaws.com",
            "allocated_storage": 10,
            "allow_major_version_upgrade": null,
            "apply_immediately": false,
            "arn": "arn:aws:rds:us-east-1:294417223953:db:terraform-20250430204505341900000005",
            "auto_minor_version_upgrade": true,
            "availability_zone": "us-east-1b",
            "backup_retention_period": 0,
            "backup_target": "region",
            "backup_window": "10:18-10:48",
            "blue_green_update": [],
            "ca_cert_identifier": "rds-ca-rsa2048-g1",
            "character_set_name": "",
            "copy_tags_to_snapshot": false,
            "custom_iam_instance_profile": "",
            "customer_owned_ip_enabled": false,
            "db_name": "inventorydb",
            "db_subnet_group_name": "order-system-db-subnet-group",
            "dedicated_log_volume": false,
            "delete_automated_backups": true,
            "deletion_protection": false,
            "domain": "",
            "domain_auth_secret_arn": "",
            "domain_dns_ips": null,
            "domain_fqdn": "",
            "domain_iam_role_name": "",
            "domain_ou": "",
            "enabled_cloudwatch_logs_exports": null,
            "endpoint": "terraform-20250430204505341900000005.cmw3e40chj7r.us-east-1.rds.amazonaws.com:5432",
            "engine": "postgres",
            "engine_lifecycle_support": "open-source-rds-extended-support",
            "engine_version": "17.2",
            "engine_version_actual": "17.2",
            "final_snapshot_identifier": null,
            "hosted_zone_id": "Z2R2ITUGPM61AM",
            "iam_database_authentication_enabled": false,
            "id": "db-K4ZGMF4NUZ4DZ4ZQEAIHZ76IS4",
            "identifier": "terraform-20250430204505341900000005",
            "identifier_prefix": "terraform-",
            "instance_class": "db.t3.micro",
            "iops": 0,
            "kms_key_id": "",
            "latest_restorable_time": "",
            "license_model": "postgresql-license",
            "listener_endpoint": [],
            "maintenance_window": "mon:09:25-mon:09:55",
            "manage_master_user_password": null,
            "master_user_secret": [],
            "master_user_secret_kms_key_id": null,
            "max_allocated_storage": 0,
            "monitoring_interval": 0,
            "monitoring_role_arn": "",
            "multi_az": false,
            "nchar_character_set_name": "",
            "network_type": "IPV4",
            "option_group_name": "default:postgres-17",
            "parameter_group_name": "default.postgres17",
            "password": "secretpassword",
            "performance_insights_enabled": false,
            "performance_insights_kms_key_id": "",
            "performance_insights_retention_period": 0,
            "port": 5432,
            "publicly_accessible": false,
            "replica_mode": "",
            "replicas": [],
            "replicate_source_db": "",
            "resource_id": "db-K4ZGMF4NUZ4DZ4ZQEAIHZ76IS4",
            "restore_to_point_in_time": [],
            "s3_import": [],
            "skip_final_snapshot": true,
            "snapshot_identifier": null,
            "status": "available",
            "storage_encrypted": false,
            "storage_throughput": 0,
            "storage_type": "gp2",
            "tags": {
              "Environment": "dev",
              "Service": "inventory-service"
            },
            "tags_all": {
              "Environment": "dev",
              "Service": "inventory-service"
            },
            "timeouts": null,
            "timezone": "",
            "upgrade_storage_config": null,
            "username": "inventoryuser",
            "vpc_security_group_ids": [
              "sg-02ad7ce16ca7d2014"
            ]
          },
          "sensitive_attributes": [
            [
              {
                "type": "get_attr",
                "value": "password"
              }
            ]
          ],
          "private": "eyJlMmJmYjczMC1lY2FhLTExZTYtOGY4OC0zNDM2M2JjN2M0YzAiOnsiY3JlYXRlIjoyNDAwMDAwMDAwMDAwLCJkZWxldGUiOjM2MDAwMDAwMDAwMDAsInVwZGF0ZSI6NDgwMDAwMDAwMDAwMH0sInNjaGVtYV92ZXJzaW9uIjoiMiJ9",
          "dependencies": [
            "module.network.aws_db_subnet_group.order_db_subnet_group",
            "module.network.aws_security_group.postgresql-sg",
            "module.network.aws_subnet.private",
            "module.network.aws_vpc.this",
            "module.network.data.aws_availability_zones.available"
          ]
        }
      ]
    },
    {
      "module": "module.inventory_service_db",
      "mode": "managed",
      "type": "aws_db_subnet_group",
      "name": "inventory_db_subnet_group",
      "provider": "provider[\"registry.terraform.io/hashicorp/aws\"]",
      "instances": [
        {
          "schema_version": 0,
          "attributes": {
            "arn": "arn:aws:rds:us-east-1:294417223953:subgrp:inventory-db-subnet-group",
            "description": "Managed by Terraform",
            "id": "inventory-db-subnet-group",
            "name": "inventory-db-subnet-group",
            "name_prefix": "",
            "subnet_ids": [
              "subnet-0bee5d70fdc658d41",
              "subnet-0f87ebfabf38399b2"
            ],
            "supported_network_types": [
              "IPV4"
            ],
            "tags": {
              "Environment": "dev",
              "Service": "inventory-service"
            },
            "tags_all": {
              "Environment": "dev",
              "Service": "inventory-service"
            },
            "vpc_id": "vpc-0cb508df5b3658f8a"
          },
          "sensitive_attributes": [],
          "private": "bnVsbA==",
          "dependencies": [
            "module.network.aws_subnet.private",
            "module.network.aws_vpc.this",
            "module.network.data.aws_availability_zones.available"
          ]
        }
      ]
    },
    {
      "module": "module.lambda",
      "mode": "managed",
      "type": "aws_lambda_function",
      "name": "email_service",
      "provider": "provider[\"registry.terraform.io/hashicorp/aws\"]",
      "instances": [
        {
          "schema_version": 0,
          "attributes": {
            "architectures": [
              "x86_64"
            ],
            "arn": "arn:aws:lambda:us-east-1:294417223953:function:emailServiceFunction",
            "code_sha256": "NBLWMm7YN3+RlNQqUY3m4+H3jmj4KZBRgbQuffOnkVI=",
            "code_signing_config_arn": "",
            "dead_letter_config": [],
            "description": "",
            "environment": [],
            "ephemeral_storage": [
              {
                "size": 512
              }
            ],
            "file_system_config": [],
            "filename": "../apps/functions/email-service/emailServiceFunction.zip",
            "function_name": "emailServiceFunction",
            "handler": "lambda_function.lambda_handler",
            "id": "emailServiceFunction",
            "image_config": [],
            "image_uri": "",
            "invoke_arn": "arn:aws:apigateway:us-east-1:lambda:path/2015-03-31/functions/arn:aws:lambda:us-east-1:294417223953:function:emailServiceFunction/invocations",
            "kms_key_arn": "",
            "last_modified": "2025-04-30T20:45:14.254+0000",
            "layers": null,
            "logging_config": [
              {
                "application_log_level": "",
                "log_format": "Text",
                "log_group": "/aws/lambda/emailServiceFunction",
                "system_log_level": ""
              }
            ],
            "memory_size": 128,
            "package_type": "Zip",
            "publish": false,
            "qualified_arn": "arn:aws:lambda:us-east-1:294417223953:function:emailServiceFunction:$LATEST",
            "qualified_invoke_arn": "arn:aws:apigateway:us-east-1:lambda:path/2015-03-31/functions/arn:aws:lambda:us-east-1:294417223953:function:emailServiceFunction:$LATEST/invocations",
            "replace_security_groups_on_destroy": null,
            "replacement_security_group_ids": null,
            "reserved_concurrent_executions": -1,
            "role": "arn:aws:iam::294417223953:role/lambda_exec_role",
            "runtime": "python3.9",
            "s3_bucket": null,
            "s3_key": null,
            "s3_object_version": null,
            "signing_job_arn": "",
            "signing_profile_version_arn": "",
            "skip_destroy": false,
            "snap_start": [],
            "source_code_hash": "",
            "source_code_size": 343,
            "tags": {
              "Environment": "dev",
              "Project": "order-system"
            },
            "tags_all": {
              "Environment": "dev",
              "Project": "order-system"
            },
            "timeout": 3,
            "timeouts": null,
            "tracing_config": [
              {
                "mode": "PassThrough"
              }
            ],
            "version": "$LATEST",
            "vpc_config": []
          },
          "sensitive_attributes": [],
          "private": "eyJlMmJmYjczMC1lY2FhLTExZTYtOGY4OC0zNDM2M2JjN2M0YzAiOnsiY3JlYXRlIjo2MDAwMDAwMDAwMDAsImRlbGV0ZSI6NjAwMDAwMDAwMDAwLCJ1cGRhdGUiOjYwMDAwMDAwMDAwMH19",
          "dependencies": [
            "module.iam.aws_iam_role.lambda_exec_role"
          ]
        }
      ]
    },
    {
      "module": "module.lambda",
      "mode": "managed",
      "type": "aws_lambda_function",
      "name": "inventory_service",
      "provider": "provider[\"registry.terraform.io/hashicorp/aws\"]",
      "instances": [
        {
          "schema_version": 0,
          "attributes": {
            "architectures": [
              "x86_64"
            ],
            "arn": "arn:aws:lambda:us-east-1:294417223953:function:inventoryServiceFunction",
            "code_sha256": "yHeMYnumBHMBIefbdG1CXfa9nlx4Rpj4/JFt81uJRs8=",
            "code_signing_config_arn": "",
            "dead_letter_config": [],
            "description": "",
            "environment": [
              {
                "variables": {
                  "API_ENDPOINT_INVENTORY": "inventory-lb-1220267120.us-east-1.elb.amazonaws.com"
                }
              }
            ],
            "ephemeral_storage": [
              {
                "size": 512
              }
            ],
            "file_system_config": [],
            "filename": "../apps/functions/inventory-service-handler/inventoryServiceFunction.zip",
            "function_name": "inventoryServiceFunction",
            "handler": "lambda_function.lambda_handler",
            "id": "inventoryServiceFunction",
            "image_config": [],
            "image_uri": "",
            "invoke_arn": "arn:aws:apigateway:us-east-1:lambda:path/2015-03-31/functions/arn:aws:lambda:us-east-1:294417223953:function:inventoryServiceFunction/invocations",
            "kms_key_arn": "",
            "last_modified": "2025-04-30T20:47:57.806+0000",
            "layers": null,
            "logging_config": [
              {
                "application_log_level": "",
                "log_format": "Text",
                "log_group": "/aws/lambda/inventoryServiceFunction",
                "system_log_level": ""
              }
            ],
            "memory_size": 128,
            "package_type": "Zip",
            "publish": false,
            "qualified_arn": "arn:aws:lambda:us-east-1:294417223953:function:inventoryServiceFunction:$LATEST",
            "qualified_invoke_arn": "arn:aws:apigateway:us-east-1:lambda:path/2015-03-31/functions/arn:aws:lambda:us-east-1:294417223953:function:inventoryServiceFunction:$LATEST/invocations",
            "replace_security_groups_on_destroy": null,
            "replacement_security_group_ids": null,
            "reserved_concurrent_executions": -1,
            "role": "arn:aws:iam::294417223953:role/lambda_exec_role",
            "runtime": "python3.9",
            "s3_bucket": null,
            "s3_key": null,
            "s3_object_version": null,
            "signing_job_arn": "",
            "signing_profile_version_arn": "",
            "skip_destroy": false,
            "snap_start": [],
            "source_code_hash": "",
            "source_code_size": 1209,
            "tags": {
              "Environment": "dev",
              "Project": "order-system"
            },
            "tags_all": {
              "Environment": "dev",
              "Project": "order-system"
            },
            "timeout": 3,
            "timeouts": null,
            "tracing_config": [
              {
                "mode": "PassThrough"
              }
            ],
            "version": "$LATEST",
            "vpc_config": []
          },
          "sensitive_attributes": [],
          "private": "eyJlMmJmYjczMC1lY2FhLTExZTYtOGY4OC0zNDM2M2JjN2M0YzAiOnsiY3JlYXRlIjo2MDAwMDAwMDAwMDAsImRlbGV0ZSI6NjAwMDAwMDAwMDAwLCJ1cGRhdGUiOjYwMDAwMDAwMDAwMH19",
          "dependencies": [
            "module.ecs_inventory_service.aws_lb.inventory_lb",
            "module.ecs_inventory_service.aws_security_group.lb_sg",
            "module.iam.aws_iam_role.lambda_exec_role",
            "module.network.aws_subnet.private",
            "module.network.aws_vpc.this",
            "module.network.data.aws_availability_zones.available"
          ]
        }
      ]
    },
    {
      "module": "module.lambda",
      "mode": "managed",
      "type": "aws_lambda_function",
      "name": "order_callback",
      "provider": "provider[\"registry.terraform.io/hashicorp/aws\"]",
      "instances": [
        {
          "schema_version": 0,
          "attributes": {
            "architectures": [
              "x86_64"
            ],
            "arn": "arn:aws:lambda:us-east-1:294417223953:function:orderCallbackFunction",
            "code_sha256": "2nQUBwRlhwcWoMa8WXdtBylZpSg/87wW6ZqPJt70hU0=",
            "code_signing_config_arn": "",
            "dead_letter_config": [],
            "description": "",
            "environment": [],
            "ephemeral_storage": [
              {
                "size": 512
              }
            ],
            "file_system_config": [],
            "filename": "../apps/functions/order-callback/orderCallbackFunction.zip",
            "function_name": "orderCallbackFunction",
            "handler": "lambda_function.lambda_handler",
            "id": "orderCallbackFunction",
            "image_config": [],
            "image_uri": "",
            "invoke_arn": "arn:aws:apigateway:us-east-1:lambda:path/2015-03-31/functions/arn:aws:lambda:us-east-1:294417223953:function:orderCallbackFunction/invocations",
            "kms_key_arn": "",
            "last_modified": "2025-04-30T20:45:08.511+0000",
            "layers": null,
            "logging_config": [
              {
                "application_log_level": "",
                "log_format": "Text",
                "log_group": "/aws/lambda/orderCallbackFunction",
                "system_log_level": ""
              }
            ],
            "memory_size": 128,
            "package_type": "Zip",
            "publish": false,
            "qualified_arn": "arn:aws:lambda:us-east-1:294417223953:function:orderCallbackFunction:$LATEST",
            "qualified_invoke_arn": "arn:aws:apigateway:us-east-1:lambda:path/2015-03-31/functions/arn:aws:lambda:us-east-1:294417223953:function:orderCallbackFunction:$LATEST/invocations",
            "replace_security_groups_on_destroy": null,
            "replacement_security_group_ids": null,
            "reserved_concurrent_executions": -1,
            "role": "arn:aws:iam::294417223953:role/lambda_exec_role",
            "runtime": "python3.9",
            "s3_bucket": null,
            "s3_key": null,
            "s3_object_version": null,
            "signing_job_arn": "",
            "signing_profile_version_arn": "",
            "skip_destroy": false,
            "snap_start": [],
            "source_code_hash": "",
            "source_code_size": 343,
            "tags": {
              "Environment": "dev",
              "Project": "order-system"
            },
            "tags_all": {
              "Environment": "dev",
              "Project": "order-system"
            },
            "timeout": 3,
            "timeouts": null,
            "tracing_config": [
              {
                "mode": "PassThrough"
              }
            ],
            "version": "$LATEST",
            "vpc_config": []
          },
          "sensitive_attributes": [],
          "private": "eyJlMmJmYjczMC1lY2FhLTExZTYtOGY4OC0zNDM2M2JjN2M0YzAiOnsiY3JlYXRlIjo2MDAwMDAwMDAwMDAsImRlbGV0ZSI6NjAwMDAwMDAwMDAwLCJ1cGRhdGUiOjYwMDAwMDAwMDAwMH19",
          "dependencies": [
            "module.iam.aws_iam_role.lambda_exec_role"
          ]
        }
      ]
    },
    {
      "module": "module.lambda",
      "mode": "managed",
      "type": "aws_lambda_function",
      "name": "order_service",
      "provider": "provider[\"registry.terraform.io/hashicorp/aws\"]",
      "instances": [
        {
          "schema_version": 0,
          "attributes": {
            "architectures": [
              "x86_64"
            ],
            "arn": "arn:aws:lambda:us-east-1:294417223953:function:orderServiceFunction",
            "code_sha256": "Zkv1bfwOZi1udrx9pY7AjyWlybtF3JI5NTuNICK+rF4=",
            "code_signing_config_arn": "",
            "dead_letter_config": [],
            "description": "",
            "environment": [
              {
                "variables": {
                  "API_ENDPOINT_ORDERS": "order-lb-1749257799.us-east-1.elb.amazonaws.com"
                }
              }
            ],
            "ephemeral_storage": [
              {
                "size": 512
              }
            ],
            "file_system_config": [],
            "filename": "../apps/functions/order-service-handler/orderServiceFunction.zip",
            "function_name": "orderServiceFunction",
            "handler": "lambda_function.lambda_handler",
            "id": "orderServiceFunction",
            "image_config": [],
            "image_uri": "",
            "invoke_arn": "arn:aws:apigateway:us-east-1:lambda:path/2015-03-31/functions/arn:aws:lambda:us-east-1:294417223953:function:orderServiceFunction/invocations",
            "kms_key_arn": "",
            "last_modified": "2025-04-30T20:48:07.631+0000",
            "layers": null,
            "logging_config": [
              {
                "application_log_level": "",
                "log_format": "Text",
                "log_group": "/aws/lambda/orderServiceFunction",
                "system_log_level": ""
              }
            ],
            "memory_size": 128,
            "package_type": "Zip",
            "publish": false,
            "qualified_arn": "arn:aws:lambda:us-east-1:294417223953:function:orderServiceFunction:$LATEST",
            "qualified_invoke_arn": "arn:aws:apigateway:us-east-1:lambda:path/2015-03-31/functions/arn:aws:lambda:us-east-1:294417223953:function:orderServiceFunction:$LATEST/invocations",
            "replace_security_groups_on_destroy": null,
            "replacement_security_group_ids": null,
            "reserved_concurrent_executions": -1,
            "role": "arn:aws:iam::294417223953:role/lambda_exec_role",
            "runtime": "python3.9",
            "s3_bucket": null,
            "s3_key": null,
            "s3_object_version": null,
            "signing_job_arn": "",
            "signing_profile_version_arn": "",
            "skip_destroy": false,
            "snap_start": [],
            "source_code_hash": "",
            "source_code_size": 1072,
            "tags": {
              "Environment": "dev",
              "Project": "order-system"
            },
            "tags_all": {
              "Environment": "dev",
              "Project": "order-system"
            },
            "timeout": 3,
            "timeouts": null,
            "tracing_config": [
              {
                "mode": "PassThrough"
              }
            ],
            "version": "$LATEST",
            "vpc_config": []
          },
          "sensitive_attributes": [],
          "private": "eyJlMmJmYjczMC1lY2FhLTExZTYtOGY4OC0zNDM2M2JjN2M0YzAiOnsiY3JlYXRlIjo2MDAwMDAwMDAwMDAsImRlbGV0ZSI6NjAwMDAwMDAwMDAwLCJ1cGRhdGUiOjYwMDAwMDAwMDAwMH19",
          "dependencies": [
            "module.ecs_order_service.aws_lb.order_lb",
            "module.ecs_order_service.aws_security_group.lb_sg",
            "module.iam.aws_iam_role.lambda_exec_role",
            "module.network.aws_subnet.private",
            "module.network.aws_vpc.this",
            "module.network.data.aws_availability_zones.available"
          ]
        }
      ]
    },
    {
      "module": "module.lambda",
      "mode": "managed",
      "type": "aws_sfn_state_machine",
      "name": "order_saga",
      "provider": "provider[\"registry.terraform.io/hashicorp/aws\"]",
      "instances": [
        {
          "schema_version": 0,
          "attributes": {
            "arn": "arn:aws:states:us-east-1:294417223953:stateMachine:OrderSagaStateMachine",
            "creation_date": "2025-04-30T20:48:13Z",
            "definition": "{\n  \"Comment\": \"State machine for processing the order saga\",\n  \"StartAt\": \"OrderService\",\n  \"States\": {\n    \"OrderService\": {\n      \"Type\": \"Task\",\n      \"Resource\": \"arn:aws:states:::lambda:invoke\",\n      \"Parameters\": {\n        \"FunctionName\": \"arn:aws:lambda:us-east-1:294417223953:function:orderServiceFunction\",\n        \"Payload\": {\n          \"input.$\": \"$\"\n        }\n      },\n      \"Next\": \"InventoryService\"\n    },\n    \"InventoryService\": {\n      \"Type\": \"Task\",\n      \"Resource\": \"arn:aws:states:::lambda:invoke\",\n      \"Parameters\": {\n        \"FunctionName\": \"arn:aws:lambda:us-east-1:294417223953:function:inventoryServiceFunction\",\n        \"Payload\": {\n          \"input.$\": \"$\"\n        }\n      },\n      \"Next\": \"CallbackToOrder\"\n    },\n    \"CallbackToOrder\": {\n      \"Type\": \"Task\",\n      \"Resource\": \"arn:aws:states:::lambda:invoke\",\n      \"Parameters\": {\n        \"FunctionName\": \"arn:aws:lambda:us-east-1:294417223953:function:orderCallbackFunction\",\n        \"Payload\": {\n          \"input.$\": \"$\"\n        }\n      },\n      \"Next\": \"EmailService\"\n    },\n    \"EmailService\": {\n      \"Type\": \"Task\",\n      \"Resource\": \"arn:aws:states:::lambda:invoke\",\n      \"Parameters\": {\n        \"FunctionName\": \"arn:aws:lambda:us-east-1:294417223953:function:emailServiceFunction\",\n        \"Payload\": {\n          \"input.$\": \"$\"\n        }\n      },\n      \"End\": true\n    }\n  }\n}\n",
            "description": "",
            "encryption_configuration": [
              {
                "kms_data_key_reuse_period_seconds": 0,
                "kms_key_id": "",
                "type": "AWS_OWNED_KEY"
              }
            ],
            "id": "arn:aws:states:us-east-1:294417223953:stateMachine:OrderSagaStateMachine",
            "logging_configuration": [
              {
                "include_execution_data": false,
                "level": "OFF",
                "log_destination": ""
              }
            ],
            "name": "OrderSagaStateMachine",
            "name_prefix": "",
            "publish": false,
            "revision_id": "",
            "role_arn": "arn:aws:iam::294417223953:role/order-saga-sfn-role",
            "state_machine_version_arn": "",
            "status": "ACTIVE",
            "tags": {
              "Environment": "dev",
              "Project": "order-system"
            },
            "tags_all": {
              "Environment": "dev",
              "Project": "order-system"
            },
            "timeouts": null,
            "tracing_configuration": [
              {
                "enabled": false
              }
            ],
            "type": "STANDARD",
            "version_description": null
          },
          "sensitive_attributes": [],
          "private": "eyJlMmJmYjczMC1lY2FhLTExZTYtOGY4OC0zNDM2M2JjN2M0YzAiOnsiY3JlYXRlIjozMDAwMDAwMDAwMDAsImRlbGV0ZSI6MzAwMDAwMDAwMDAwLCJ1cGRhdGUiOjYwMDAwMDAwMDAwfX0=",
          "dependencies": [
            "module.ecs_inventory_service.aws_lb.inventory_lb",
            "module.ecs_inventory_service.aws_security_group.lb_sg",
            "module.ecs_order_service.aws_lb.order_lb",
            "module.ecs_order_service.aws_security_group.lb_sg",
            "module.iam.aws_iam_role.lambda_exec_role",
            "module.iam.aws_iam_role.sfn_role",
            "module.lambda.aws_lambda_function.email_service",
            "module.lambda.aws_lambda_function.inventory_service",
            "module.lambda.aws_lambda_function.order_callback",
            "module.lambda.aws_lambda_function.order_service",
            "module.network.aws_subnet.private",
            "module.network.aws_vpc.this",
            "module.network.data.aws_availability_zones.available"
          ]
        }
      ]
    },
    {
      "module": "module.network",
      "mode": "data",
      "type": "aws_availability_zones",
      "name": "available",
      "provider": "provider[\"registry.terraform.io/hashicorp/aws\"]",
      "instances": [
        {
          "schema_version": 0,
          "attributes": {
            "all_availability_zones": null,
            "exclude_names": null,
            "exclude_zone_ids": null,
            "filter": null,
            "group_names": [
              "us-east-1-zg-1"
            ],
            "id": "us-east-1",
            "names": [
              "us-east-1a",
              "us-east-1b",
              "us-east-1c",
              "us-east-1d",
              "us-east-1e",
              "us-east-1f"
            ],
            "state": "available",
            "timeouts": null,
            "zone_ids": [
              "use1-az3",
              "use1-az4",
              "use1-az6",
              "use1-az1",
              "use1-az2",
              "use1-az5"
            ]
          },
          "sensitive_attributes": []
        }
      ]
    },
    {
      "module": "module.network",
      "mode": "managed",
      "type": "aws_db_subnet_group",
      "name": "inventory_db_subnet_group",
      "provider": "provider[\"registry.terraform.io/hashicorp/aws\"]",
      "instances": [
        {
          "schema_version": 0,
          "attributes": {
            "arn": "arn:aws:rds:us-east-1:294417223953:subgrp:inventory-system-db-subnet-group",
            "description": "Managed by Terraform",
            "id": "inventory-system-db-subnet-group",
            "name": "inventory-system-db-subnet-group",
            "name_prefix": "",
            "subnet_ids": [
              "subnet-0bee5d70fdc658d41",
              "subnet-0f87ebfabf38399b2"
            ],
            "supported_network_types": [
              "IPV4"
            ],
            "tags": {
              "Environment": "dev",
              "Project": "order-system"
            },
            "tags_all": {
              "Environment": "dev",
              "Project": "order-system"
            },
            "vpc_id": "vpc-0cb508df5b3658f8a"
          },
          "sensitive_attributes": [],
          "private": "bnVsbA==",
          "dependencies": [
            "module.network.aws_subnet.private",
            "module.network.aws_vpc.this",
            "module.network.data.aws_availability_zones.available"
          ]
        }
      ]
    },
    {
      "module": "module.network",
      "mode": "managed",
      "type": "aws_db_subnet_group",
      "name": "order_db_subnet_group",
      "provider": "provider[\"registry.terraform.io/hashicorp/aws\"]",
      "instances": [
        {
          "schema_version": 0,
          "attributes": {
            "arn": "arn:aws:rds:us-east-1:294417223953:subgrp:order-system-db-subnet-group",
            "description": "Managed by Terraform",
            "id": "order-system-db-subnet-group",
            "name": "order-system-db-subnet-group",
            "name_prefix": "",
            "subnet_ids": [
              "subnet-0bee5d70fdc658d41",
              "subnet-0f87ebfabf38399b2"
            ],
            "supported_network_types": [
              "IPV4"
            ],
            "tags": {
              "Environment": "dev",
              "Project": "order-system"
            },
            "tags_all": {
              "Environment": "dev",
              "Project": "order-system"
            },
            "vpc_id": "vpc-0cb508df5b3658f8a"
          },
          "sensitive_attributes": [],
          "private": "bnVsbA==",
          "dependencies": [
            "module.network.aws_subnet.private",
            "module.network.aws_vpc.this",
            "module.network.data.aws_availability_zones.available"
          ]
        }
      ]
    },
    {
      "module": "module.network",
      "mode": "managed",
      "type": "aws_internet_gateway",
      "name": "this",
      "provider": "provider[\"registry.terraform.io/hashicorp/aws\"]",
      "instances": [
        {
          "schema_version": 0,
          "attributes": {
            "arn": "arn:aws:ec2:us-east-1:294417223953:internet-gateway/igw-000b408ddd8e96f50",
            "id": "igw-000b408ddd8e96f50",
            "owner_id": "294417223953",
            "tags": {
              "Environment": "dev",
              "Project": "order-system"
            },
            "tags_all": {
              "Environment": "dev",
              "Project": "order-system"
            },
            "timeouts": null,
            "vpc_id": "vpc-0cb508df5b3658f8a"
          },
          "sensitive_attributes": [],
          "private": "eyJlMmJmYjczMC1lY2FhLTExZTYtOGY4OC0zNDM2M2JjN2M0YzAiOnsiY3JlYXRlIjoxMjAwMDAwMDAwMDAwLCJkZWxldGUiOjEyMDAwMDAwMDAwMDAsInVwZGF0ZSI6MTIwMDAwMDAwMDAwMH19",
          "dependencies": [
            "module.network.aws_vpc.this"
          ]
        }
      ]
    },
    {
      "module": "module.network",
      "mode": "managed",
      "type": "aws_nat_gateway",
      "name": "nat",
      "provider": "provider[\"registry.terraform.io/hashicorp/aws\"]",
      "instances": [
        {
          "schema_version": 0,
          "attributes": {
            "allocation_id": "eipalloc-0de6afff8c4533ddb",
            "association_id": "eipassoc-0670b96e4b6c9a1ba",
            "connectivity_type": "public",
            "id": "nat-07a535b04d7670ec2",
            "network_interface_id": "eni-0d9e79983e866f0ea",
            "private_ip": "172.1.1.141",
            "public_ip": "100.26.115.242",
            "secondary_allocation_ids": null,
            "secondary_private_ip_address_count": 0,
            "secondary_private_ip_addresses": [],
            "subnet_id": "subnet-0fa01402c4891b8dd",
            "tags": {
              "Environment": "dev",
              "Project": "order-system"
            },
            "tags_all": {
              "Environment": "dev",
              "Project": "order-system"
            },
            "timeouts": null
          },
          "sensitive_attributes": [],
          "private": "eyJlMmJmYjczMC1lY2FhLTExZTYtOGY4OC0zNDM2M2JjN2M0YzAiOnsiY3JlYXRlIjo2MDAwMDAwMDAwMDAsImRlbGV0ZSI6MTgwMDAwMDAwMDAwMCwidXBkYXRlIjo2MDAwMDAwMDAwMDB9fQ==",
          "dependencies": [
            "module.network.aws_subnet.public",
            "module.network.aws_vpc.this",
            "module.network.data.aws_availability_zones.available"
          ]
        }
      ]
    },
    {
      "module": "module.network",
      "mode": "managed",
      "type": "aws_route_table",
      "name": "private_rt",
      "provider": "provider[\"registry.terraform.io/hashicorp/aws\"]",
      "instances": [
        {
          "schema_version": 0,
          "attributes": {
            "arn": "arn:aws:ec2:us-east-1:294417223953:route-table/rtb-0b7db4e0061dac9c5",
            "id": "rtb-0b7db4e0061dac9c5",
            "owner_id": "294417223953",
            "propagating_vgws": [],
            "route": [
              {
                "carrier_gateway_id": "",
                "cidr_block": "0.0.0.0/0",
                "core_network_arn": "",
                "destination_prefix_list_id": "",
                "egress_only_gateway_id": "",
                "gateway_id": "",
                "ipv6_cidr_block": "",
                "local_gateway_id": "",
                "nat_gateway_id": "nat-07a535b04d7670ec2",
                "network_interface_id": "",
                "transit_gateway_id": "",
                "vpc_endpoint_id": "",
                "vpc_peering_connection_id": ""
              }
            ],
            "tags": {
              "Environment": "dev",
              "Project": "order-system"
            },
            "tags_all": {
              "Environment": "dev",
              "Project": "order-system"
            },
            "timeouts": null,
            "vpc_id": "vpc-0cb508df5b3658f8a"
          },
          "sensitive_attributes": [],
          "private": "eyJlMmJmYjczMC1lY2FhLTExZTYtOGY4OC0zNDM2M2JjN2M0YzAiOnsiY3JlYXRlIjozMDAwMDAwMDAwMDAsImRlbGV0ZSI6MzAwMDAwMDAwMDAwLCJ1cGRhdGUiOjEyMDAwMDAwMDAwMH19",
          "dependencies": [
            "module.network.aws_nat_gateway.nat",
            "module.network.aws_subnet.public",
            "module.network.aws_vpc.this",
            "module.network.data.aws_availability_zones.available"
          ]
        }
      ]
    },
    {
      "module": "module.network",
      "mode": "managed",
      "type": "aws_route_table",
      "name": "public",
      "provider": "provider[\"registry.terraform.io/hashicorp/aws\"]",
      "instances": [
        {
          "schema_version": 0,
          "attributes": {
            "arn": "arn:aws:ec2:us-east-1:294417223953:route-table/rtb-0f1b2addeb0f0080c",
            "id": "rtb-0f1b2addeb0f0080c",
            "owner_id": "294417223953",
            "propagating_vgws": [],
            "route": [
              {
                "carrier_gateway_id": "",
                "cidr_block": "0.0.0.0/0",
                "core_network_arn": "",
                "destination_prefix_list_id": "",
                "egress_only_gateway_id": "",
                "gateway_id": "igw-000b408ddd8e96f50",
                "ipv6_cidr_block": "",
                "local_gateway_id": "",
                "nat_gateway_id": "",
                "network_interface_id": "",
                "transit_gateway_id": "",
                "vpc_endpoint_id": "",
                "vpc_peering_connection_id": ""
              }
            ],
            "tags": {
              "Environment": "dev",
              "Project": "order-system"
            },
            "tags_all": {
              "Environment": "dev",
              "Project": "order-system"
            },
            "timeouts": null,
            "vpc_id": "vpc-0cb508df5b3658f8a"
          },
          "sensitive_attributes": [],
          "private": "eyJlMmJmYjczMC1lY2FhLTExZTYtOGY4OC0zNDM2M2JjN2M0YzAiOnsiY3JlYXRlIjozMDAwMDAwMDAwMDAsImRlbGV0ZSI6MzAwMDAwMDAwMDAwLCJ1cGRhdGUiOjEyMDAwMDAwMDAwMH19",
          "dependencies": [
            "module.network.aws_internet_gateway.this",
            "module.network.aws_vpc.this"
          ]
        }
      ]
    },
    {
      "module": "module.network",
      "mode": "managed",
      "type": "aws_route_table_association",
      "name": "private_assoc",
      "provider": "provider[\"registry.terraform.io/hashicorp/aws\"]",
      "instances": [
        {
          "index_key": 0,
          "schema_version": 0,
          "attributes": {
            "gateway_id": "",
            "id": "rtbassoc-04864319373aac5bb",
            "route_table_id": "rtb-0b7db4e0061dac9c5",
            "subnet_id": "subnet-0f87ebfabf38399b2",
            "timeouts": null
          },
          "sensitive_attributes": [],
          "private": "eyJlMmJmYjczMC1lY2FhLTExZTYtOGY4OC0zNDM2M2JjN2M0YzAiOnsiY3JlYXRlIjozMDAwMDAwMDAwMDAsImRlbGV0ZSI6MzAwMDAwMDAwMDAwLCJ1cGRhdGUiOjEyMDAwMDAwMDAwMH19",
          "dependencies": [
            "module.network.aws_nat_gateway.nat",
            "module.network.aws_route_table.private_rt",
            "module.network.aws_subnet.private",
            "module.network.aws_subnet.public",
            "module.network.aws_vpc.this",
            "module.network.data.aws_availability_zones.available"
          ]
        },
        {
          "index_key": 1,
          "schema_version": 0,
          "attributes": {
            "gateway_id": "",
            "id": "rtbassoc-0ed31d01471b54d78",
            "route_table_id": "rtb-0b7db4e0061dac9c5",
            "subnet_id": "subnet-0bee5d70fdc658d41",
            "timeouts": null
          },
          "sensitive_attributes": [],
          "private": "eyJlMmJmYjczMC1lY2FhLTExZTYtOGY4OC0zNDM2M2JjN2M0YzAiOnsiY3JlYXRlIjozMDAwMDAwMDAwMDAsImRlbGV0ZSI6MzAwMDAwMDAwMDAwLCJ1cGRhdGUiOjEyMDAwMDAwMDAwMH19",
          "dependencies": [
            "module.network.aws_nat_gateway.nat",
            "module.network.aws_route_table.private_rt",
            "module.network.aws_subnet.private",
            "module.network.aws_subnet.public",
            "module.network.aws_vpc.this",
            "module.network.data.aws_availability_zones.available"
          ]
        }
      ]
    },
    {
      "module": "module.network",
      "mode": "managed",
      "type": "aws_route_table_association",
      "name": "public_association",
      "provider": "provider[\"registry.terraform.io/hashicorp/aws\"]",
      "instances": [
        {
          "index_key": 0,
          "schema_version": 0,
          "attributes": {
            "gateway_id": "",
            "id": "rtbassoc-0ea69adaddf288838",
            "route_table_id": "rtb-0f1b2addeb0f0080c",
            "subnet_id": "subnet-0fa01402c4891b8dd",
            "timeouts": null
          },
          "sensitive_attributes": [],
          "private": "eyJlMmJmYjczMC1lY2FhLTExZTYtOGY4OC0zNDM2M2JjN2M0YzAiOnsiY3JlYXRlIjozMDAwMDAwMDAwMDAsImRlbGV0ZSI6MzAwMDAwMDAwMDAwLCJ1cGRhdGUiOjEyMDAwMDAwMDAwMH19",
          "dependencies": [
            "module.network.aws_internet_gateway.this",
            "module.network.aws_route_table.public",
            "module.network.aws_subnet.public",
            "module.network.aws_vpc.this",
            "module.network.data.aws_availability_zones.available"
          ]
        },
        {
          "index_key": 1,
          "schema_version": 0,
          "attributes": {
            "gateway_id": "",
            "id": "rtbassoc-080923bd7920c02b2",
            "route_table_id": "rtb-0f1b2addeb0f0080c",
            "subnet_id": "subnet-09f3f0a6f552a65dd",
            "timeouts": null
          },
          "sensitive_attributes": [],
          "private": "eyJlMmJmYjczMC1lY2FhLTExZTYtOGY4OC0zNDM2M2JjN2M0YzAiOnsiY3JlYXRlIjozMDAwMDAwMDAwMDAsImRlbGV0ZSI6MzAwMDAwMDAwMDAwLCJ1cGRhdGUiOjEyMDAwMDAwMDAwMH19",
          "dependencies": [
            "module.network.aws_internet_gateway.this",
            "module.network.aws_route_table.public",
            "module.network.aws_subnet.public",
            "module.network.aws_vpc.this",
            "module.network.data.aws_availability_zones.available"
          ]
        }
      ]
    },
    {
      "module": "module.network",
      "mode": "managed",
      "type": "aws_security_group",
      "name": "fargate_sg",
      "provider": "provider[\"registry.terraform.io/hashicorp/aws\"]",
      "instances": [
        {
          "schema_version": 1,
          "attributes": {
            "arn": "arn:aws:ec2:us-east-1:294417223953:security-group/sg-05422201153769d0f",
            "description": "Allow fargate inbound traffic",
            "egress": [
              {
                "cidr_blocks": [
                  "0.0.0.0/0"
                ],
                "description": "Allow all outbound traffic",
                "from_port": 0,
                "ipv6_cidr_blocks": [],
                "prefix_list_ids": [],
                "protocol": "-1",
                "security_groups": [],
                "self": false,
                "to_port": 0
              }
            ],
            "id": "sg-05422201153769d0f",
            "ingress": [
              {
                "cidr_blocks": [
                  "172.1.0.0/16"
                ],
                "description": "Allow PostgreSQL access from trusted CIDRs",
                "from_port": 8080,
                "ipv6_cidr_blocks": [],
                "prefix_list_ids": [],
                "protocol": "tcp",
                "security_groups": [],
                "self": false,
                "to_port": 8080
              }
            ],
            "name": "fargate-sg",
            "name_prefix": "",
            "owner_id": "294417223953",
            "revoke_rules_on_delete": false,
            "tags": {
              "Environment": "dev",
              "Project": "order-system"
            },
            "tags_all": {
              "Environment": "dev",
              "Project": "order-system"
            },
            "timeouts": null,
            "vpc_id": "vpc-0cb508df5b3658f8a"
          },
          "sensitive_attributes": [],
          "private": "eyJlMmJmYjczMC1lY2FhLTExZTYtOGY4OC0zNDM2M2JjN2M0YzAiOnsiY3JlYXRlIjo2MDAwMDAwMDAwMDAsImRlbGV0ZSI6OTAwMDAwMDAwMDAwfSwic2NoZW1hX3ZlcnNpb24iOiIxIn0=",
          "dependencies": [
            "module.network.aws_vpc.this"
          ]
        }
      ]
    },
    {
      "module": "module.network",
      "mode": "managed",
      "type": "aws_security_group",
      "name": "postgresql-sg",
      "provider": "provider[\"registry.terraform.io/hashicorp/aws\"]",
      "instances": [
        {
          "schema_version": 1,
          "attributes": {
            "arn": "arn:aws:ec2:us-east-1:294417223953:security-group/sg-02ad7ce16ca7d2014",
            "description": "Allow PostgreSQL inbound traffic",
            "egress": [
              {
                "cidr_blocks": [
                  "0.0.0.0/0"
                ],
                "description": "Allow all outbound traffic",
                "from_port": 0,
                "ipv6_cidr_blocks": [],
                "prefix_list_ids": [],
                "protocol": "-1",
                "security_groups": [],
                "self": false,
                "to_port": 0
              }
            ],
            "id": "sg-02ad7ce16ca7d2014",
            "ingress": [
              {
                "cidr_blocks": [
                  "172.1.0.0/16"
                ],
                "description": "Allow PostgreSQL access from trusted CIDRs",
                "from_port": 5432,
                "ipv6_cidr_blocks": [],
                "prefix_list_ids": [],
                "protocol": "tcp",
                "security_groups": [],
                "self": false,
                "to_port": 5432
              }
            ],
            "name": "postgresql-sg",
            "name_prefix": "",
            "owner_id": "294417223953",
            "revoke_rules_on_delete": false,
            "tags": {
              "Environment": "dev",
              "Project": "order-system"
            },
            "tags_all": {
              "Environment": "dev",
              "Project": "order-system"
            },
            "timeouts": null,
            "vpc_id": "vpc-0cb508df5b3658f8a"
          },
          "sensitive_attributes": [],
          "private": "eyJlMmJmYjczMC1lY2FhLTExZTYtOGY4OC0zNDM2M2JjN2M0YzAiOnsiY3JlYXRlIjo2MDAwMDAwMDAwMDAsImRlbGV0ZSI6OTAwMDAwMDAwMDAwfSwic2NoZW1hX3ZlcnNpb24iOiIxIn0=",
          "dependencies": [
            "module.network.aws_vpc.this"
          ]
        }
      ]
    },
    {
      "module": "module.network",
      "mode": "managed",
      "type": "aws_security_group",
      "name": "vpc_endpoint_sg",
      "provider": "provider[\"registry.terraform.io/hashicorp/aws\"]",
      "instances": [
        {
          "schema_version": 1,
          "attributes": {
            "arn": "arn:aws:ec2:us-east-1:294417223953:security-group/sg-010fbe6b9ce322bfb",
            "description": "Security group for VPC endpoints (ECR, etc.)",
            "egress": [
              {
                "cidr_blocks": [
                  "0.0.0.0/0"
                ],
                "description": "Allow all outbound traffic",
                "from_port": 0,
                "ipv6_cidr_blocks": [],
                "prefix_list_ids": [],
                "protocol": "-1",
                "security_groups": [],
                "self": false,
                "to_port": 0
              }
            ],
            "id": "sg-010fbe6b9ce322bfb",
            "ingress": [
              {
                "cidr_blocks": [
                  "172.1.0.0/16"
                ],
                "description": "Allow inbound HTTPS traffic from ECS tasks",
                "from_port": 443,
                "ipv6_cidr_blocks": [],
                "prefix_list_ids": [],
                "protocol": "tcp",
                "security_groups": [],
                "self": false,
                "to_port": 443
              }
            ],
            "name": "vpc-endpoint-sg",
            "name_prefix": "",
            "owner_id": "294417223953",
            "revoke_rules_on_delete": false,
            "tags": {
              "Environment": "dev",
              "Project": "order-system"
            },
            "tags_all": {
              "Environment": "dev",
              "Project": "order-system"
            },
            "timeouts": null,
            "vpc_id": "vpc-0cb508df5b3658f8a"
          },
          "sensitive_attributes": [],
          "private": "eyJlMmJmYjczMC1lY2FhLTExZTYtOGY4OC0zNDM2M2JjN2M0YzAiOnsiY3JlYXRlIjo2MDAwMDAwMDAwMDAsImRlbGV0ZSI6OTAwMDAwMDAwMDAwfSwic2NoZW1hX3ZlcnNpb24iOiIxIn0=",
          "dependencies": [
            "module.network.aws_vpc.this"
          ]
        }
      ]
    },
    {
      "module": "module.network",
      "mode": "managed",
      "type": "aws_subnet",
      "name": "private",
      "provider": "provider[\"registry.terraform.io/hashicorp/aws\"]",
      "instances": [
        {
          "index_key": 0,
          "schema_version": 1,
          "attributes": {
            "arn": "arn:aws:ec2:us-east-1:294417223953:subnet/subnet-0f87ebfabf38399b2",
            "assign_ipv6_address_on_creation": false,
            "availability_zone": "us-east-1a",
            "availability_zone_id": "use1-az3",
            "cidr_block": "172.1.3.0/24",
            "customer_owned_ipv4_pool": "",
            "enable_dns64": false,
            "enable_lni_at_device_index": 0,
            "enable_resource_name_dns_a_record_on_launch": false,
            "enable_resource_name_dns_aaaa_record_on_launch": false,
            "id": "subnet-0f87ebfabf38399b2",
            "ipv6_cidr_block": "",
            "ipv6_cidr_block_association_id": "",
            "ipv6_native": false,
            "map_customer_owned_ip_on_launch": false,
            "map_public_ip_on_launch": false,
            "outpost_arn": "",
            "owner_id": "294417223953",
            "private_dns_hostname_type_on_launch": "ip-name",
            "tags": {
              "Environment": "dev",
              "Project": "order-system"
            },
            "tags_all": {
              "Environment": "dev",
              "Project": "order-system"
            },
            "timeouts": null,
            "vpc_id": "vpc-0cb508df5b3658f8a"
          },
          "sensitive_attributes": [],
          "private": "eyJlMmJmYjczMC1lY2FhLTExZTYtOGY4OC0zNDM2M2JjN2M0YzAiOnsiY3JlYXRlIjo2MDAwMDAwMDAwMDAsImRlbGV0ZSI6MTIwMDAwMDAwMDAwMH0sInNjaGVtYV92ZXJzaW9uIjoiMSJ9",
          "dependencies": [
            "module.network.aws_vpc.this",
            "module.network.data.aws_availability_zones.available"
          ]
        },
        {
          "index_key": 1,
          "schema_version": 1,
          "attributes": {
            "arn": "arn:aws:ec2:us-east-1:294417223953:subnet/subnet-0bee5d70fdc658d41",
            "assign_ipv6_address_on_creation": false,
            "availability_zone": "us-east-1b",
            "availability_zone_id": "use1-az4",
            "cidr_block": "172.1.4.0/24",
            "customer_owned_ipv4_pool": "",
            "enable_dns64": false,
            "enable_lni_at_device_index": 0,
            "enable_resource_name_dns_a_record_on_launch": false,
            "enable_resource_name_dns_aaaa_record_on_launch": false,
            "id": "subnet-0bee5d70fdc658d41",
            "ipv6_cidr_block": "",
            "ipv6_cidr_block_association_id": "",
            "ipv6_native": false,
            "map_customer_owned_ip_on_launch": false,
            "map_public_ip_on_launch": false,
            "outpost_arn": "",
            "owner_id": "294417223953",
            "private_dns_hostname_type_on_launch": "ip-name",
            "tags": {
              "Environment": "dev",
              "Project": "order-system"
            },
            "tags_all": {
              "Environment": "dev",
              "Project": "order-system"
            },
            "timeouts": null,
            "vpc_id": "vpc-0cb508df5b3658f8a"
          },
          "sensitive_attributes": [],
          "private": "eyJlMmJmYjczMC1lY2FhLTExZTYtOGY4OC0zNDM2M2JjN2M0YzAiOnsiY3JlYXRlIjo2MDAwMDAwMDAwMDAsImRlbGV0ZSI6MTIwMDAwMDAwMDAwMH0sInNjaGVtYV92ZXJzaW9uIjoiMSJ9",
          "dependencies": [
            "module.network.aws_vpc.this",
            "module.network.data.aws_availability_zones.available"
          ]
        }
      ]
    },
    {
      "module": "module.network",
      "mode": "managed",
      "type": "aws_subnet",
      "name": "public",
      "provider": "provider[\"registry.terraform.io/hashicorp/aws\"]",
      "instances": [
        {
          "index_key": 0,
          "schema_version": 1,
          "attributes": {
            "arn": "arn:aws:ec2:us-east-1:294417223953:subnet/subnet-0fa01402c4891b8dd",
            "assign_ipv6_address_on_creation": false,
            "availability_zone": "us-east-1a",
            "availability_zone_id": "use1-az3",
            "cidr_block": "172.1.1.0/24",
            "customer_owned_ipv4_pool": "",
            "enable_dns64": false,
            "enable_lni_at_device_index": 0,
            "enable_resource_name_dns_a_record_on_launch": false,
            "enable_resource_name_dns_aaaa_record_on_launch": false,
            "id": "subnet-0fa01402c4891b8dd",
            "ipv6_cidr_block": "",
            "ipv6_cidr_block_association_id": "",
            "ipv6_native": false,
            "map_customer_owned_ip_on_launch": false,
            "map_public_ip_on_launch": false,
            "outpost_arn": "",
            "owner_id": "294417223953",
            "private_dns_hostname_type_on_launch": "ip-name",
            "tags": {
              "Environment": "dev",
              "Project": "order-system"
            },
            "tags_all": {
              "Environment": "dev",
              "Project": "order-system"
            },
            "timeouts": null,
            "vpc_id": "vpc-0cb508df5b3658f8a"
          },
          "sensitive_attributes": [],
          "private": "eyJlMmJmYjczMC1lY2FhLTExZTYtOGY4OC0zNDM2M2JjN2M0YzAiOnsiY3JlYXRlIjo2MDAwMDAwMDAwMDAsImRlbGV0ZSI6MTIwMDAwMDAwMDAwMH0sInNjaGVtYV92ZXJzaW9uIjoiMSJ9",
          "dependencies": [
            "module.network.aws_vpc.this",
            "module.network.data.aws_availability_zones.available"
          ]
        },
        {
          "index_key": 1,
          "schema_version": 1,
          "attributes": {
            "arn": "arn:aws:ec2:us-east-1:294417223953:subnet/subnet-09f3f0a6f552a65dd",
            "assign_ipv6_address_on_creation": false,
            "availability_zone": "us-east-1b",
            "availability_zone_id": "use1-az4",
            "cidr_block": "172.1.2.0/24",
            "customer_owned_ipv4_pool": "",
            "enable_dns64": false,
            "enable_lni_at_device_index": 0,
            "enable_resource_name_dns_a_record_on_launch": false,
            "enable_resource_name_dns_aaaa_record_on_launch": false,
            "id": "subnet-09f3f0a6f552a65dd",
            "ipv6_cidr_block": "",
            "ipv6_cidr_block_association_id": "",
            "ipv6_native": false,
            "map_customer_owned_ip_on_launch": false,
            "map_public_ip_on_launch": false,
            "outpost_arn": "",
            "owner_id": "294417223953",
            "private_dns_hostname_type_on_launch": "ip-name",
            "tags": {
              "Environment": "dev",
              "Project": "order-system"
            },
            "tags_all": {
              "Environment": "dev",
              "Project": "order-system"
            },
            "timeouts": null,
            "vpc_id": "vpc-0cb508df5b3658f8a"
          },
          "sensitive_attributes": [],
          "private": "eyJlMmJmYjczMC1lY2FhLTExZTYtOGY4OC0zNDM2M2JjN2M0YzAiOnsiY3JlYXRlIjo2MDAwMDAwMDAwMDAsImRlbGV0ZSI6MTIwMDAwMDAwMDAwMH0sInNjaGVtYV92ZXJzaW9uIjoiMSJ9",
          "dependencies": [
            "module.network.aws_vpc.this",
            "module.network.data.aws_availability_zones.available"
          ]
        }
      ]
    },
    {
      "module": "module.network",
      "mode": "managed",
      "type": "aws_vpc",
      "name": "this",
      "provider": "provider[\"registry.terraform.io/hashicorp/aws\"]",
      "instances": [
        {
          "schema_version": 1,
          "attributes": {
            "arn": "arn:aws:ec2:us-east-1:294417223953:vpc/vpc-0cb508df5b3658f8a",
            "assign_generated_ipv6_cidr_block": false,
            "cidr_block": "172.1.0.0/16",
            "default_network_acl_id": "acl-067e48d203baf4a3e",
            "default_route_table_id": "rtb-03fb0d95c78b9afa0",
            "default_security_group_id": "sg-0a14ec3ce28e3b9b0",
            "dhcp_options_id": "dopt-f982999b",
            "enable_dns_hostnames": false,
            "enable_dns_support": true,
            "enable_network_address_usage_metrics": false,
            "id": "vpc-0cb508df5b3658f8a",
            "instance_tenancy": "default",
            "ipv4_ipam_pool_id": null,
            "ipv4_netmask_length": null,
            "ipv6_association_id": "",
            "ipv6_cidr_block": "",
            "ipv6_cidr_block_network_border_group": "",
            "ipv6_ipam_pool_id": "",
            "ipv6_netmask_length": 0,
            "main_route_table_id": "rtb-03fb0d95c78b9afa0",
            "owner_id": "294417223953",
            "tags": {
              "Environment": "dev",
              "Project": "order-system"
            },
            "tags_all": {
              "Environment": "dev",
              "Project": "order-system"
            }
          },
          "sensitive_attributes": [],
          "private": "eyJzY2hlbWFfdmVyc2lvbiI6IjEifQ=="
        }
      ]
    },
    {
      "module": "module.order_service_db",
      "mode": "managed",
      "type": "aws_db_instance",
      "name": "this",
      "provider": "provider[\"registry.terraform.io/hashicorp/aws\"]",
      "instances": [
        {
          "schema_version": 2,
          "attributes": {
            "address": "terraform-20250430204506201500000006.cmw3e40chj7r.us-east-1.rds.amazonaws.com",
            "allocated_storage": 10,
            "allow_major_version_upgrade": null,
            "apply_immediately": false,
            "arn": "arn:aws:rds:us-east-1:294417223953:db:terraform-20250430204506201500000006",
            "auto_minor_version_upgrade": true,
            "availability_zone": "us-east-1b",
            "backup_retention_period": 0,
            "backup_target": "region",
            "backup_window": "04:46-05:16",
            "blue_green_update": [],
            "ca_cert_identifier": "rds-ca-rsa2048-g1",
            "character_set_name": "",
            "copy_tags_to_snapshot": false,
            "custom_iam_instance_profile": "",
            "customer_owned_ip_enabled": false,
            "db_name": "orderdb",
            "db_subnet_group_name": "order-system-db-subnet-group",
            "dedicated_log_volume": false,
            "delete_automated_backups": true,
            "deletion_protection": false,
            "domain": "",
            "domain_auth_secret_arn": "",
            "domain_dns_ips": null,
            "domain_fqdn": "",
            "domain_iam_role_name": "",
            "domain_ou": "",
            "enabled_cloudwatch_logs_exports": null,
            "endpoint": "terraform-20250430204506201500000006.cmw3e40chj7r.us-east-1.rds.amazonaws.com:5432",
            "engine": "postgres",
            "engine_lifecycle_support": "open-source-rds-extended-support",
            "engine_version": "17.2",
            "engine_version_actual": "17.2",
            "final_snapshot_identifier": null,
            "hosted_zone_id": "Z2R2ITUGPM61AM",
            "iam_database_authentication_enabled": false,
            "id": "db-DTNQ7QJ6AQEW4NS7B36A57XKOU",
            "identifier": "terraform-20250430204506201500000006",
            "identifier_prefix": "terraform-",
            "instance_class": "db.t3.micro",
            "iops": 0,
            "kms_key_id": "",
            "latest_restorable_time": "",
            "license_model": "postgresql-license",
            "listener_endpoint": [],
            "maintenance_window": "wed:08:28-wed:08:58",
            "manage_master_user_password": null,
            "master_user_secret": [],
            "master_user_secret_kms_key_id": null,
            "max_allocated_storage": 0,
            "monitoring_interval": 0,
            "monitoring_role_arn": "",
            "multi_az": false,
            "nchar_character_set_name": "",
            "network_type": "IPV4",
            "option_group_name": "default:postgres-17",
            "parameter_group_name": "default.postgres17",
            "password": "secretpassword",
            "performance_insights_enabled": false,
            "performance_insights_kms_key_id": "",
            "performance_insights_retention_period": 0,
            "port": 5432,
            "publicly_accessible": false,
            "replica_mode": "",
            "replicas": [],
            "replicate_source_db": "",
            "resource_id": "db-DTNQ7QJ6AQEW4NS7B36A57XKOU",
            "restore_to_point_in_time": [],
            "s3_import": [],
            "skip_final_snapshot": true,
            "snapshot_identifier": null,
            "status": "available",
            "storage_encrypted": false,
            "storage_throughput": 0,
            "storage_type": "gp2",
            "tags": {
              "Environment": "dev",
              "Service": "order-service"
            },
            "tags_all": {
              "Environment": "dev",
              "Service": "order-service"
            },
            "timeouts": null,
            "timezone": "",
            "upgrade_storage_config": null,
            "username": "orderuser",
            "vpc_security_group_ids": [
              "sg-02ad7ce16ca7d2014"
            ]
          },
          "sensitive_attributes": [
            [
              {
                "type": "get_attr",
                "value": "password"
              }
            ]
          ],
          "private": "eyJlMmJmYjczMC1lY2FhLTExZTYtOGY4OC0zNDM2M2JjN2M0YzAiOnsiY3JlYXRlIjoyNDAwMDAwMDAwMDAwLCJkZWxldGUiOjM2MDAwMDAwMDAwMDAsInVwZGF0ZSI6NDgwMDAwMDAwMDAwMH0sInNjaGVtYV92ZXJzaW9uIjoiMiJ9",
          "dependencies": [
            "module.network.aws_db_subnet_group.order_db_subnet_group",
            "module.network.aws_security_group.postgresql-sg",
            "module.network.aws_subnet.private",
            "module.network.aws_vpc.this",
            "module.network.data.aws_availability_zones.available"
          ]
        }
      ]
    },
    {
      "module": "module.order_service_db",
      "mode": "managed",
      "type": "aws_db_subnet_group",
      "name": "order_db_subnet_group",
      "provider": "provider[\"registry.terraform.io/hashicorp/aws\"]",
      "instances": [
        {
          "schema_version": 0,
          "attributes": {
            "arn": "arn:aws:rds:us-east-1:294417223953:subgrp:order-db-subnet-group",
            "description": "Managed by Terraform",
            "id": "order-db-subnet-group",
            "name": "order-db-subnet-group",
            "name_prefix": "",
            "subnet_ids": [
              "subnet-0bee5d70fdc658d41",
              "subnet-0f87ebfabf38399b2"
            ],
            "supported_network_types": [
              "IPV4"
            ],
            "tags": {
              "Environment": "dev",
              "Service": "order-service"
            },
            "tags_all": {
              "Environment": "dev",
              "Service": "order-service"
            },
            "vpc_id": "vpc-0cb508df5b3658f8a"
          },
          "sensitive_attributes": [],
          "private": "bnVsbA==",
          "dependencies": [
            "module.network.aws_subnet.private",
            "module.network.aws_vpc.this",
            "module.network.data.aws_availability_zones.available"
          ]
        }
      ]
    },
    {
      "module": "module.sqs",
      "mode": "managed",
      "type": "aws_sqs_queue",
      "name": "orders_queue",
      "provider": "provider[\"registry.terraform.io/hashicorp/aws\"]",
      "instances": [
        {
          "schema_version": 0,
          "attributes": {
            "arn": "arn:aws:sqs:us-east-1:294417223953:orders-queue",
            "content_based_deduplication": false,
            "deduplication_scope": "",
            "delay_seconds": 0,
            "fifo_queue": false,
            "fifo_throughput_limit": "",
            "id": "https://sqs.us-east-1.amazonaws.com/294417223953/orders-queue",
            "kms_data_key_reuse_period_seconds": 300,
            "kms_master_key_id": "",
            "max_message_size": 262144,
            "message_retention_seconds": 345600,
            "name": "orders-queue",
            "name_prefix": "",
            "policy": "",
            "receive_wait_time_seconds": 0,
            "redrive_allow_policy": "",
            "redrive_policy": "",
            "sqs_managed_sse_enabled": true,
            "tags": {
              "Environment": "dev",
              "Project": "order-system"
            },
            "tags_all": {
              "Environment": "dev",
              "Project": "order-system"
            },
            "url": "https://sqs.us-east-1.amazonaws.com/294417223953/orders-queue",
            "visibility_timeout_seconds": 30
          },
          "sensitive_attributes": [],
          "private": "bnVsbA=="
        }
      ]
    }
  ],
  "check_results": null
}
