{
  "version": 4,
  "terraform_version": "1.11.0",
  "serial": 590,
  "lineage": "19eb4ba9-e6af-0f9f-15ff-7be7c1c37ae5",
  "outputs": {},
  "resources": [
    {
      "module": "module.ecr_repo.module.ecr_repo",
      "mode": "managed",
      "type": "aws_ecr_repository",
      "name": "this",
      "provider": "provider[\"registry.terraform.io/hashicorp/aws\"]",
      "instances": [
        {
          "index_key": 0,
          "schema_version": 0,
          "attributes": {
            "arn": "arn:aws:ecr:us-east-1:294417223953:repository/order-system-repo",
            "encryption_configuration": [
              {
                "encryption_type": "AES256",
                "kms_key": ""
              }
            ],
            "force_delete": null,
            "id": "order-system-repo",
            "image_scanning_configuration": [
              {
                "scan_on_push": true
              }
            ],
            "image_tag_mutability": "MUTABLE",
            "name": "order-system-repo",
            "registry_id": "294417223953",
            "repository_url": "294417223953.dkr.ecr.us-east-1.amazonaws.com/order-system-repo",
            "tags": {
              "Environment": "dev",
              "Project": "order-system"
            },
            "tags_all": {
              "Environment": "dev",
              "Project": "order-system"
            },
            "timeouts": null
          },
          "sensitive_attributes": [],
          "private": "eyJlMmJmYjczMC1lY2FhLTExZTYtOGY4OC0zNDM2M2JjN2M0YzAiOnsiZGVsZXRlIjoxMjAwMDAwMDAwMDAwfX0="
        }
      ]
    }
  ],
  "check_results": null
}
